// !$*UTF8*$!
{
	archiveVersion = 1;
	classes = {
	};
	objectVersion = 55;
	objects = {

/* Begin PBXBuildFile section */
		A54EC2002873D8B500FF03E1 /* DependencyContainerTest.swift in Sources */ = {isa = PBXBuildFile; fileRef = A54EC1FF2873D8B500FF03E1 /* DependencyContainerTest.swift */; };
		A54EC2022873E86500FF03E1 /* KWHomeNoticeViewModel.swift in Sources */ = {isa = PBXBuildFile; fileRef = A54EC2012873E86500FF03E1 /* KWHomeNoticeViewModel.swift */; };
		A54EC213287402DB00FF03E1 /* KWHomeNoticeView.swift in Sources */ = {isa = PBXBuildFile; fileRef = A54EC212287402DB00FF03E1 /* KWHomeNoticeView.swift */; };
		A54EC21628741D1300FF03E1 /* AlertPublishableObject.swift in Sources */ = {isa = PBXBuildFile; fileRef = A54EC21528741D1300FF03E1 /* AlertPublishableObject.swift */; };
		A54EC21928741DD700FF03E1 /* KWHomeNoticeViewModelTest.swift in Sources */ = {isa = PBXBuildFile; fileRef = A54EC21828741DD700FF03E1 /* KWHomeNoticeViewModelTest.swift */; };
		A54EC21A28741DF100FF03E1 /* TestKWHomeDataStore.swift in Sources */ = {isa = PBXBuildFile; fileRef = A576658A2871BAA400725147 /* TestKWHomeDataStore.swift */; };
		A54EC21B28741DF400FF03E1 /* TestSWCentralDataStore.swift in Sources */ = {isa = PBXBuildFile; fileRef = A5B8C09328727FFE0042E3C5 /* TestSWCentralDataStore.swift */; };
		A54EC21D28741DFF00FF03E1 /* Random+.swift in Sources */ = {isa = PBXBuildFile; fileRef = A576658C2871BB9800725147 /* Random+.swift */; };
		A54EC22028743F4E00FF03E1 /* SWCentralNoticeViewModel.swift in Sources */ = {isa = PBXBuildFile; fileRef = A54EC21F28743F4E00FF03E1 /* SWCentralNoticeViewModel.swift */; };
		A5682209286F35E40034AF65 /* GoogleService-Info.plist in Resources */ = {isa = PBXBuildFile; fileRef = A5682208286F35E40034AF65 /* GoogleService-Info.plist */; };
		A576654A2871AB6B00725147 /* APIRequest+APIError.swift in Sources */ = {isa = PBXBuildFile; fileRef = A57665492871AB6B00725147 /* APIRequest+APIError.swift */; };
		A576654C2871ADDC00725147 /* Endpoint.swift in Sources */ = {isa = PBXBuildFile; fileRef = A576654B2871ADDC00725147 /* Endpoint.swift */; };
		A57665732871B20900725147 /* KWNoticeKit.framework in Frameworks */ = {isa = PBXBuildFile; fileRef = A5D4D76A286ECC5A0019F156 /* KWNoticeKit.framework */; };
		A57665792871B21A00725147 /* EndpointTest.swift in Sources */ = {isa = PBXBuildFile; fileRef = A57665692871B16B00725147 /* EndpointTest.swift */; };
		A576657B2871B37600725147 /* KWHomeNotice.swift in Sources */ = {isa = PBXBuildFile; fileRef = A576657A2871B37600725147 /* KWHomeNotice.swift */; };
		A576657E2871B50E00725147 /* KWHomeDataStoreProtocol.swift in Sources */ = {isa = PBXBuildFile; fileRef = A576657D2871B50E00725147 /* KWHomeDataStoreProtocol.swift */; };
		A57665802871B56800725147 /* KWHomeDataStore.swift in Sources */ = {isa = PBXBuildFile; fileRef = A576657F2871B56800725147 /* KWHomeDataStore.swift */; };
		A57665832871B5E000725147 /* KWHomeRepositoryProtocol.swift in Sources */ = {isa = PBXBuildFile; fileRef = A57665822871B5E000725147 /* KWHomeRepositoryProtocol.swift */; };
		A57665852871B7D900725147 /* KWHomeRepository.swift in Sources */ = {isa = PBXBuildFile; fileRef = A57665842871B7D900725147 /* KWHomeRepository.swift */; };
		A57665882871BA5200725147 /* KWHomeRepositoryTest.swift in Sources */ = {isa = PBXBuildFile; fileRef = A57665872871BA5200725147 /* KWHomeRepositoryTest.swift */; };
		A576658B2871BAA400725147 /* TestKWHomeDataStore.swift in Sources */ = {isa = PBXBuildFile; fileRef = A576658A2871BAA400725147 /* TestKWHomeDataStore.swift */; };
		A576658D2871BB9800725147 /* Random+.swift in Sources */ = {isa = PBXBuildFile; fileRef = A576658C2871BB9800725147 /* Random+.swift */; };
		A57A253A286D702E002DB735 /* KWNoticeApp.swift in Sources */ = {isa = PBXBuildFile; fileRef = A57A2539286D702E002DB735 /* KWNoticeApp.swift */; };
		A57A253C286D702E002DB735 /* RootView.swift in Sources */ = {isa = PBXBuildFile; fileRef = A57A253B286D702E002DB735 /* RootView.swift */; };
		A57A253E286D702F002DB735 /* Assets.xcassets in Resources */ = {isa = PBXBuildFile; fileRef = A57A253D286D702F002DB735 /* Assets.xcassets */; };
		A57A2541286D702F002DB735 /* Preview Assets.xcassets in Resources */ = {isa = PBXBuildFile; fileRef = A57A2540286D702F002DB735 /* Preview Assets.xcassets */; };
		A57A254B286D7656002DB735 /* NoticeView.swift in Sources */ = {isa = PBXBuildFile; fileRef = A57A254A286D7656002DB735 /* NoticeView.swift */; };
		A57A254D286D7661002DB735 /* FavoriteView.swift in Sources */ = {isa = PBXBuildFile; fileRef = A57A254C286D7661002DB735 /* FavoriteView.swift */; };
		A57A2551286D7671002DB735 /* SettingView.swift in Sources */ = {isa = PBXBuildFile; fileRef = A57A2550286D7671002DB735 /* SettingView.swift */; };
		A57A2553286D82F2002DB735 /* Setting.swift in Sources */ = {isa = PBXBuildFile; fileRef = A57A2552286D82F2002DB735 /* Setting.swift */; };
		A5B8C08828727CB70042E3C5 /* SWCentralNotice.swift in Sources */ = {isa = PBXBuildFile; fileRef = A5B8C08728727CB70042E3C5 /* SWCentralNotice.swift */; };
		A5B8C08B28727E550042E3C5 /* SWCentralDataStoreProtocol.swift in Sources */ = {isa = PBXBuildFile; fileRef = A5B8C08A28727E550042E3C5 /* SWCentralDataStoreProtocol.swift */; };
		A5B8C08D28727E7D0042E3C5 /* SWCentralDataStore.swift in Sources */ = {isa = PBXBuildFile; fileRef = A5B8C08C28727E7D0042E3C5 /* SWCentralDataStore.swift */; };
		A5B8C09028727F200042E3C5 /* SWCentralRepositoryProtocol.swift in Sources */ = {isa = PBXBuildFile; fileRef = A5B8C08F28727F200042E3C5 /* SWCentralRepositoryProtocol.swift */; };
		A5B8C09228727F6C0042E3C5 /* SWCentralRepository.swift in Sources */ = {isa = PBXBuildFile; fileRef = A5B8C09128727F6C0042E3C5 /* SWCentralRepository.swift */; };
		A5B8C09428727FFE0042E3C5 /* TestSWCentralDataStore.swift in Sources */ = {isa = PBXBuildFile; fileRef = A5B8C09328727FFE0042E3C5 /* TestSWCentralDataStore.swift */; };
		A5B8C096287280990042E3C5 /* SWCentralRepositoryTest.swift in Sources */ = {isa = PBXBuildFile; fileRef = A5B8C095287280990042E3C5 /* SWCentralRepositoryTest.swift */; };
		A5B8C0A02872964D0042E3C5 /* DependencyContainer.swift in Sources */ = {isa = PBXBuildFile; fileRef = A5B8C09F2872964D0042E3C5 /* DependencyContainer.swift */; };
		A5BF259F2876CD5600D5FBE9 /* AppDelegate+.swift in Sources */ = {isa = PBXBuildFile; fileRef = A5BF259E2876CD5600D5FBE9 /* AppDelegate+.swift */; };
		A5BF25A22876CDC600D5FBE9 /* Notification.xcdatamodeld in Sources */ = {isa = PBXBuildFile; fileRef = A5BF25A02876CDC600D5FBE9 /* Notification.xcdatamodeld */; };
		A5BF25A42876D72C00D5FBE9 /* SavedNotificationView.swift in Sources */ = {isa = PBXBuildFile; fileRef = A5BF25A32876D72C00D5FBE9 /* SavedNotificationView.swift */; };
		A5C9823A287054CF00B0080B /* TopicSubscriber.swift in Sources */ = {isa = PBXBuildFile; fileRef = A5C98239287054CF00B0080B /* TopicSubscriber.swift */; };
		A5C9823C287058E800B0080B /* Topic.swift in Sources */ = {isa = PBXBuildFile; fileRef = A5C9823B287058E800B0080B /* Topic.swift */; };
		A5D4D76D286ECC5A0019F156 /* KWNoticeKit.h in Headers */ = {isa = PBXBuildFile; fileRef = A5D4D76C286ECC5A0019F156 /* KWNoticeKit.h */; settings = {ATTRIBUTES = (Public, ); }; };
		A5D4D770286ECC5A0019F156 /* KWNoticeKit.framework in Frameworks */ = {isa = PBXBuildFile; fileRef = A5D4D76A286ECC5A0019F156 /* KWNoticeKit.framework */; };
		A5D4D771286ECC5A0019F156 /* KWNoticeKit.framework in Embed Frameworks */ = {isa = PBXBuildFile; fileRef = A5D4D76A286ECC5A0019F156 /* KWNoticeKit.framework */; settings = {ATTRIBUTES = (CodeSignOnCopy, RemoveHeadersOnCopy, ); }; };
		A5E2B9CA28746C7B00FE46A4 /* SWCentralNoticeViewModelTest.swift in Sources */ = {isa = PBXBuildFile; fileRef = A5E2B9C928746C7B00FE46A4 /* SWCentralNoticeViewModelTest.swift */; };
		A5E2B9CC2874719E00FE46A4 /* SWCentralNoticeView.swift in Sources */ = {isa = PBXBuildFile; fileRef = A5E2B9CB2874719E00FE46A4 /* SWCentralNoticeView.swift */; };
		A5E89931286D9CA2009EE85E /* FirebaseAnalytics in Frameworks */ = {isa = PBXBuildFile; productRef = A5E89930286D9CA2009EE85E /* FirebaseAnalytics */; };
		A5E89933286D9CA2009EE85E /* FirebaseMessaging in Frameworks */ = {isa = PBXBuildFile; productRef = A5E89932286D9CA2009EE85E /* FirebaseMessaging */; };
		A5E89937286D9EFE009EE85E /* AppDelegate.swift in Sources */ = {isa = PBXBuildFile; fileRef = A5E89936286D9EFE009EE85E /* AppDelegate.swift */; };
/* End PBXBuildFile section */

/* Begin PBXContainerItemProxy section */
		A54EC1F72873D87500FF03E1 /* PBXContainerItemProxy */ = {
			isa = PBXContainerItemProxy;
			containerPortal = A57A252E286D702E002DB735 /* Project object */;
			proxyType = 1;
			remoteGlobalIDString = A57A2535286D702E002DB735;
			remoteInfo = KWNotice;
		};
		A57665742871B20900725147 /* PBXContainerItemProxy */ = {
			isa = PBXContainerItemProxy;
			containerPortal = A57A252E286D702E002DB735 /* Project object */;
			proxyType = 1;
			remoteGlobalIDString = A5D4D769286ECC5A0019F156;
			remoteInfo = KWNoticeKit;
		};
		A5D4D76E286ECC5A0019F156 /* PBXContainerItemProxy */ = {
			isa = PBXContainerItemProxy;
			containerPortal = A57A252E286D702E002DB735 /* Project object */;
			proxyType = 1;
			remoteGlobalIDString = A5D4D769286ECC5A0019F156;
			remoteInfo = KWNoticeKit;
		};
/* End PBXContainerItemProxy section */

/* Begin PBXCopyFilesBuildPhase section */
		A5D4D772286ECC5A0019F156 /* Embed Frameworks */ = {
			isa = PBXCopyFilesBuildPhase;
			buildActionMask = 2147483647;
			dstPath = "";
			dstSubfolderSpec = 10;
			files = (
				A5D4D771286ECC5A0019F156 /* KWNoticeKit.framework in Embed Frameworks */,
			);
			name = "Embed Frameworks";
			runOnlyForDeploymentPostprocessing = 0;
		};
/* End PBXCopyFilesBuildPhase section */

/* Begin PBXFileReference section */
		A54EC1F32873D87500FF03E1 /* KWNoticeTests.xctest */ = {isa = PBXFileReference; explicitFileType = wrapper.cfbundle; includeInIndex = 0; path = KWNoticeTests.xctest; sourceTree = BUILT_PRODUCTS_DIR; };
		A54EC1FF2873D8B500FF03E1 /* DependencyContainerTest.swift */ = {isa = PBXFileReference; lastKnownFileType = sourcecode.swift; path = DependencyContainerTest.swift; sourceTree = "<group>"; };
		A54EC2012873E86500FF03E1 /* KWHomeNoticeViewModel.swift */ = {isa = PBXFileReference; lastKnownFileType = sourcecode.swift; path = KWHomeNoticeViewModel.swift; sourceTree = "<group>"; };
		A54EC212287402DB00FF03E1 /* KWHomeNoticeView.swift */ = {isa = PBXFileReference; lastKnownFileType = sourcecode.swift; path = KWHomeNoticeView.swift; sourceTree = "<group>"; };
		A54EC21528741D1300FF03E1 /* AlertPublishableObject.swift */ = {isa = PBXFileReference; lastKnownFileType = sourcecode.swift; path = AlertPublishableObject.swift; sourceTree = "<group>"; };
		A54EC21828741DD700FF03E1 /* KWHomeNoticeViewModelTest.swift */ = {isa = PBXFileReference; lastKnownFileType = sourcecode.swift; path = KWHomeNoticeViewModelTest.swift; sourceTree = "<group>"; };
		A54EC21F28743F4E00FF03E1 /* SWCentralNoticeViewModel.swift */ = {isa = PBXFileReference; lastKnownFileType = sourcecode.swift; path = SWCentralNoticeViewModel.swift; sourceTree = "<group>"; };
		A5682208286F35E40034AF65 /* GoogleService-Info.plist */ = {isa = PBXFileReference; fileEncoding = 4; lastKnownFileType = text.plist.xml; path = "GoogleService-Info.plist"; sourceTree = "<group>"; };
		A57665492871AB6B00725147 /* APIRequest+APIError.swift */ = {isa = PBXFileReference; lastKnownFileType = sourcecode.swift; path = "APIRequest+APIError.swift"; sourceTree = "<group>"; };
		A576654B2871ADDC00725147 /* Endpoint.swift */ = {isa = PBXFileReference; lastKnownFileType = sourcecode.swift; path = Endpoint.swift; sourceTree = "<group>"; };
		A57665692871B16B00725147 /* EndpointTest.swift */ = {isa = PBXFileReference; lastKnownFileType = sourcecode.swift; path = EndpointTest.swift; sourceTree = "<group>"; };
		A576656F2871B20900725147 /* KWNoticeKitTests.xctest */ = {isa = PBXFileReference; explicitFileType = wrapper.cfbundle; includeInIndex = 0; path = KWNoticeKitTests.xctest; sourceTree = BUILT_PRODUCTS_DIR; };
		A576657A2871B37600725147 /* KWHomeNotice.swift */ = {isa = PBXFileReference; lastKnownFileType = sourcecode.swift; path = KWHomeNotice.swift; sourceTree = "<group>"; };
		A576657D2871B50E00725147 /* KWHomeDataStoreProtocol.swift */ = {isa = PBXFileReference; lastKnownFileType = sourcecode.swift; path = KWHomeDataStoreProtocol.swift; sourceTree = "<group>"; };
		A576657F2871B56800725147 /* KWHomeDataStore.swift */ = {isa = PBXFileReference; lastKnownFileType = sourcecode.swift; path = KWHomeDataStore.swift; sourceTree = "<group>"; };
		A57665822871B5E000725147 /* KWHomeRepositoryProtocol.swift */ = {isa = PBXFileReference; lastKnownFileType = sourcecode.swift; path = KWHomeRepositoryProtocol.swift; sourceTree = "<group>"; };
		A57665842871B7D900725147 /* KWHomeRepository.swift */ = {isa = PBXFileReference; lastKnownFileType = sourcecode.swift; path = KWHomeRepository.swift; sourceTree = "<group>"; };
		A57665872871BA5200725147 /* KWHomeRepositoryTest.swift */ = {isa = PBXFileReference; lastKnownFileType = sourcecode.swift; path = KWHomeRepositoryTest.swift; sourceTree = "<group>"; };
		A576658A2871BAA400725147 /* TestKWHomeDataStore.swift */ = {isa = PBXFileReference; lastKnownFileType = sourcecode.swift; path = TestKWHomeDataStore.swift; sourceTree = "<group>"; };
		A576658C2871BB9800725147 /* Random+.swift */ = {isa = PBXFileReference; lastKnownFileType = sourcecode.swift; path = "Random+.swift"; sourceTree = "<group>"; };
		A57A2536286D702E002DB735 /* KWNotice.app */ = {isa = PBXFileReference; explicitFileType = wrapper.application; includeInIndex = 0; path = KWNotice.app; sourceTree = BUILT_PRODUCTS_DIR; };
		A57A2539286D702E002DB735 /* KWNoticeApp.swift */ = {isa = PBXFileReference; lastKnownFileType = sourcecode.swift; path = KWNoticeApp.swift; sourceTree = "<group>"; };
		A57A253B286D702E002DB735 /* RootView.swift */ = {isa = PBXFileReference; lastKnownFileType = sourcecode.swift; path = RootView.swift; sourceTree = "<group>"; };
		A57A253D286D702F002DB735 /* Assets.xcassets */ = {isa = PBXFileReference; lastKnownFileType = folder.assetcatalog; path = Assets.xcassets; sourceTree = "<group>"; };
		A57A2540286D702F002DB735 /* Preview Assets.xcassets */ = {isa = PBXFileReference; lastKnownFileType = folder.assetcatalog; path = "Preview Assets.xcassets"; sourceTree = "<group>"; };
		A57A254A286D7656002DB735 /* NoticeView.swift */ = {isa = PBXFileReference; lastKnownFileType = sourcecode.swift; path = NoticeView.swift; sourceTree = "<group>"; };
		A57A254C286D7661002DB735 /* FavoriteView.swift */ = {isa = PBXFileReference; lastKnownFileType = sourcecode.swift; path = FavoriteView.swift; sourceTree = "<group>"; };
		A57A2550286D7671002DB735 /* SettingView.swift */ = {isa = PBXFileReference; lastKnownFileType = sourcecode.swift; path = SettingView.swift; sourceTree = "<group>"; };
		A57A2552286D82F2002DB735 /* Setting.swift */ = {isa = PBXFileReference; lastKnownFileType = sourcecode.swift; path = Setting.swift; sourceTree = "<group>"; };
		A5B8C08728727CB70042E3C5 /* SWCentralNotice.swift */ = {isa = PBXFileReference; lastKnownFileType = sourcecode.swift; path = SWCentralNotice.swift; sourceTree = "<group>"; };
		A5B8C08A28727E550042E3C5 /* SWCentralDataStoreProtocol.swift */ = {isa = PBXFileReference; lastKnownFileType = sourcecode.swift; path = SWCentralDataStoreProtocol.swift; sourceTree = "<group>"; };
		A5B8C08C28727E7D0042E3C5 /* SWCentralDataStore.swift */ = {isa = PBXFileReference; lastKnownFileType = sourcecode.swift; path = SWCentralDataStore.swift; sourceTree = "<group>"; };
		A5B8C08F28727F200042E3C5 /* SWCentralRepositoryProtocol.swift */ = {isa = PBXFileReference; lastKnownFileType = sourcecode.swift; path = SWCentralRepositoryProtocol.swift; sourceTree = "<group>"; };
		A5B8C09128727F6C0042E3C5 /* SWCentralRepository.swift */ = {isa = PBXFileReference; lastKnownFileType = sourcecode.swift; path = SWCentralRepository.swift; sourceTree = "<group>"; };
		A5B8C09328727FFE0042E3C5 /* TestSWCentralDataStore.swift */ = {isa = PBXFileReference; lastKnownFileType = sourcecode.swift; path = TestSWCentralDataStore.swift; sourceTree = "<group>"; };
		A5B8C095287280990042E3C5 /* SWCentralRepositoryTest.swift */ = {isa = PBXFileReference; lastKnownFileType = sourcecode.swift; path = SWCentralRepositoryTest.swift; sourceTree = "<group>"; };
		A5B8C09F2872964D0042E3C5 /* DependencyContainer.swift */ = {isa = PBXFileReference; lastKnownFileType = sourcecode.swift; path = DependencyContainer.swift; sourceTree = "<group>"; };
		A5BF259E2876CD5600D5FBE9 /* AppDelegate+.swift */ = {isa = PBXFileReference; lastKnownFileType = sourcecode.swift; path = "AppDelegate+.swift"; sourceTree = "<group>"; };
		A5BF25A12876CDC600D5FBE9 /* Notification.xcdatamodel */ = {isa = PBXFileReference; lastKnownFileType = wrapper.xcdatamodel; path = Notification.xcdatamodel; sourceTree = "<group>"; };
		A5BF25A32876D72C00D5FBE9 /* SavedNotificationView.swift */ = {isa = PBXFileReference; lastKnownFileType = sourcecode.swift; path = SavedNotificationView.swift; sourceTree = "<group>"; };
		A5C98239287054CF00B0080B /* TopicSubscriber.swift */ = {isa = PBXFileReference; lastKnownFileType = sourcecode.swift; path = TopicSubscriber.swift; sourceTree = "<group>"; };
		A5C9823B287058E800B0080B /* Topic.swift */ = {isa = PBXFileReference; lastKnownFileType = sourcecode.swift; path = Topic.swift; sourceTree = "<group>"; };
		A5D4D76A286ECC5A0019F156 /* KWNoticeKit.framework */ = {isa = PBXFileReference; explicitFileType = wrapper.framework; includeInIndex = 0; path = KWNoticeKit.framework; sourceTree = BUILT_PRODUCTS_DIR; };
		A5D4D76C286ECC5A0019F156 /* KWNoticeKit.h */ = {isa = PBXFileReference; lastKnownFileType = sourcecode.c.h; path = KWNoticeKit.h; sourceTree = "<group>"; };
		A5E2B9C928746C7B00FE46A4 /* SWCentralNoticeViewModelTest.swift */ = {isa = PBXFileReference; lastKnownFileType = sourcecode.swift; path = SWCentralNoticeViewModelTest.swift; sourceTree = "<group>"; };
		A5E2B9CB2874719E00FE46A4 /* SWCentralNoticeView.swift */ = {isa = PBXFileReference; lastKnownFileType = sourcecode.swift; path = SWCentralNoticeView.swift; sourceTree = "<group>"; };
		A5E89934286D9E77009EE85E /* KWNotice.entitlements */ = {isa = PBXFileReference; lastKnownFileType = text.plist.entitlements; path = KWNotice.entitlements; sourceTree = "<group>"; };
		A5E89935286D9E90009EE85E /* Info.plist */ = {isa = PBXFileReference; lastKnownFileType = text.plist; path = Info.plist; sourceTree = "<group>"; };
		A5E89936286D9EFE009EE85E /* AppDelegate.swift */ = {isa = PBXFileReference; lastKnownFileType = sourcecode.swift; path = AppDelegate.swift; sourceTree = "<group>"; };
/* End PBXFileReference section */

/* Begin PBXFrameworksBuildPhase section */
		A54EC1F02873D87500FF03E1 /* Frameworks */ = {
			isa = PBXFrameworksBuildPhase;
			buildActionMask = 2147483647;
			files = (
			);
			runOnlyForDeploymentPostprocessing = 0;
		};
		A576656C2871B20900725147 /* Frameworks */ = {
			isa = PBXFrameworksBuildPhase;
			buildActionMask = 2147483647;
			files = (
				A57665732871B20900725147 /* KWNoticeKit.framework in Frameworks */,
			);
			runOnlyForDeploymentPostprocessing = 0;
		};
		A57A2533286D702E002DB735 /* Frameworks */ = {
			isa = PBXFrameworksBuildPhase;
			buildActionMask = 2147483647;
			files = (
				A5E89933286D9CA2009EE85E /* FirebaseMessaging in Frameworks */,
				A5E89931286D9CA2009EE85E /* FirebaseAnalytics in Frameworks */,
				A5D4D770286ECC5A0019F156 /* KWNoticeKit.framework in Frameworks */,
			);
			runOnlyForDeploymentPostprocessing = 0;
		};
		A5D4D767286ECC5A0019F156 /* Frameworks */ = {
			isa = PBXFrameworksBuildPhase;
			buildActionMask = 2147483647;
			files = (
			);
			runOnlyForDeploymentPostprocessing = 0;
		};
/* End PBXFrameworksBuildPhase section */

/* Begin PBXGroup section */
		A54EC1F42873D87500FF03E1 /* KWNoticeTests */ = {
			isa = PBXGroup;
			children = (
				A54EC21728741DCF00FF03E1 /* ViewModel */,
				A54EC1FC2873D89900FF03E1 /* Dependency */,
			);
			path = KWNoticeTests;
			sourceTree = "<group>";
		};
		A54EC1FC2873D89900FF03E1 /* Dependency */ = {
			isa = PBXGroup;
			children = (
				A54EC1FF2873D8B500FF03E1 /* DependencyContainerTest.swift */,
			);
			path = Dependency;
			sourceTree = "<group>";
		};
		A54EC211287402C800FF03E1 /* KWHomeNotice */ = {
			isa = PBXGroup;
			children = (
				A54EC2012873E86500FF03E1 /* KWHomeNoticeViewModel.swift */,
				A54EC212287402DB00FF03E1 /* KWHomeNoticeView.swift */,
			);
			path = KWHomeNotice;
			sourceTree = "<group>";
		};
		A54EC21428741CF800FF03E1 /* Components */ = {
			isa = PBXGroup;
			children = (
				A54EC21528741D1300FF03E1 /* AlertPublishableObject.swift */,
			);
			path = Components;
			sourceTree = "<group>";
		};
		A54EC21728741DCF00FF03E1 /* ViewModel */ = {
			isa = PBXGroup;
			children = (
				A54EC21828741DD700FF03E1 /* KWHomeNoticeViewModelTest.swift */,
				A5E2B9C928746C7B00FE46A4 /* SWCentralNoticeViewModelTest.swift */,
			);
			path = ViewModel;
			sourceTree = "<group>";
		};
		A54EC21E28743F3F00FF03E1 /* SWCentralNotice */ = {
			isa = PBXGroup;
			children = (
				A54EC21F28743F4E00FF03E1 /* SWCentralNoticeViewModel.swift */,
				A5E2B9CB2874719E00FE46A4 /* SWCentralNoticeView.swift */,
			);
			path = SWCentralNotice;
			sourceTree = "<group>";
		};
		A57665482871AB4D00725147 /* Network */ = {
			isa = PBXGroup;
			children = (
				A57665492871AB6B00725147 /* APIRequest+APIError.swift */,
			);
			path = Network;
			sourceTree = "<group>";
		};
		A57665672871B0EF00725147 /* EndpointTests */ = {
			isa = PBXGroup;
			children = (
				A57665692871B16B00725147 /* EndpointTest.swift */,
			);
			path = EndpointTests;
			sourceTree = "<group>";
		};
		A57665702871B20900725147 /* KWNoticeKitTests */ = {
			isa = PBXGroup;
			children = (
				A57665892871BA8500725147 /* TestExtensions */,
				A57665862871BA3F00725147 /* RepositoryTests */,
				A57665672871B0EF00725147 /* EndpointTests */,
			);
			path = KWNoticeKitTests;
			sourceTree = "<group>";
		};
		A576657C2871B50100725147 /* KWHome */ = {
			isa = PBXGroup;
			children = (
				A576657D2871B50E00725147 /* KWHomeDataStoreProtocol.swift */,
				A576657F2871B56800725147 /* KWHomeDataStore.swift */,
			);
			path = KWHome;
			sourceTree = "<group>";
		};
		A57665812871B5D500725147 /* KWHome */ = {
			isa = PBXGroup;
			children = (
				A57665822871B5E000725147 /* KWHomeRepositoryProtocol.swift */,
				A57665842871B7D900725147 /* KWHomeRepository.swift */,
			);
			path = KWHome;
			sourceTree = "<group>";
		};
		A57665862871BA3F00725147 /* RepositoryTests */ = {
			isa = PBXGroup;
			children = (
				A57665872871BA5200725147 /* KWHomeRepositoryTest.swift */,
				A5B8C095287280990042E3C5 /* SWCentralRepositoryTest.swift */,
			);
			path = RepositoryTests;
			sourceTree = "<group>";
		};
		A57665892871BA8500725147 /* TestExtensions */ = {
			isa = PBXGroup;
			children = (
				A576658A2871BAA400725147 /* TestKWHomeDataStore.swift */,
				A5B8C09328727FFE0042E3C5 /* TestSWCentralDataStore.swift */,
				A576658C2871BB9800725147 /* Random+.swift */,
			);
			path = TestExtensions;
			sourceTree = "<group>";
		};
		A57A252D286D702E002DB735 = {
			isa = PBXGroup;
			children = (
				A57A2538286D702E002DB735 /* KWNotice */,
				A54EC1F42873D87500FF03E1 /* KWNoticeTests */,
				A5D4D76B286ECC5A0019F156 /* KWNoticeKit */,
				A57665702871B20900725147 /* KWNoticeKitTests */,
				A57A2537286D702E002DB735 /* Products */,
			);
			sourceTree = "<group>";
		};
		A57A2537286D702E002DB735 /* Products */ = {
			isa = PBXGroup;
			children = (
				A57A2536286D702E002DB735 /* KWNotice.app */,
				A5D4D76A286ECC5A0019F156 /* KWNoticeKit.framework */,
				A576656F2871B20900725147 /* KWNoticeKitTests.xctest */,
				A54EC1F32873D87500FF03E1 /* KWNoticeTests.xctest */,
			);
			name = Products;
			sourceTree = "<group>";
		};
		A57A2538286D702E002DB735 /* KWNotice */ = {
			isa = PBXGroup;
			children = (
				A5B8C09E287296410042E3C5 /* Dependency */,
				A5682208286F35E40034AF65 /* GoogleService-Info.plist */,
				A5E89935286D9E90009EE85E /* Info.plist */,
				A5E89934286D9E77009EE85E /* KWNotice.entitlements */,
				A5BF259D2876CD1900D5FBE9 /* App */,
				A57A2547286D7640002DB735 /* View */,
				A57A2539286D702E002DB735 /* KWNoticeApp.swift */,
				A57A253D286D702F002DB735 /* Assets.xcassets */,
				A54EC21428741CF800FF03E1 /* Components */,
				A57A253F286D702F002DB735 /* Preview Content */,
			);
			path = KWNotice;
			sourceTree = "<group>";
		};
		A57A253F286D702F002DB735 /* Preview Content */ = {
			isa = PBXGroup;
			children = (
				A57A2540286D702F002DB735 /* Preview Assets.xcassets */,
			);
			path = "Preview Content";
			sourceTree = "<group>";
		};
		A57A2547286D7640002DB735 /* View */ = {
			isa = PBXGroup;
			children = (
				A57A253B286D702E002DB735 /* RootView.swift */,
				A5BF259C2876CCDF00D5FBE9 /* Notice */,
				A57A2548286D7645002DB735 /* Favorite */,
				A57A2549286D7648002DB735 /* Setting */,
			);
			path = View;
			sourceTree = "<group>";
		};
		A57A2548286D7645002DB735 /* Favorite */ = {
			isa = PBXGroup;
			children = (
				A57A254C286D7661002DB735 /* FavoriteView.swift */,
			);
			path = Favorite;
			sourceTree = "<group>";
		};
		A57A2549286D7648002DB735 /* Setting */ = {
			isa = PBXGroup;
			children = (
				A57A2550286D7671002DB735 /* SettingView.swift */,
				A57A2552286D82F2002DB735 /* Setting.swift */,
				A5C98239287054CF00B0080B /* TopicSubscriber.swift */,
				A5C9823B287058E800B0080B /* Topic.swift */,
				A5BF25A32876D72C00D5FBE9 /* SavedNotificationView.swift */,
			);
			path = Setting;
			sourceTree = "<group>";
		};
		A5B8C08928727E460042E3C5 /* SWCentral */ = {
			isa = PBXGroup;
			children = (
				A5B8C08A28727E550042E3C5 /* SWCentralDataStoreProtocol.swift */,
				A5B8C08C28727E7D0042E3C5 /* SWCentralDataStore.swift */,
			);
			path = SWCentral;
			sourceTree = "<group>";
		};
		A5B8C08E28727F130042E3C5 /* SWCentral */ = {
			isa = PBXGroup;
			children = (
				A5B8C08F28727F200042E3C5 /* SWCentralRepositoryProtocol.swift */,
				A5B8C09128727F6C0042E3C5 /* SWCentralRepository.swift */,
			);
			path = SWCentral;
			sourceTree = "<group>";
		};
		A5B8C09E287296410042E3C5 /* Dependency */ = {
			isa = PBXGroup;
			children = (
				A5B8C09F2872964D0042E3C5 /* DependencyContainer.swift */,
			);
			path = Dependency;
			sourceTree = "<group>";
		};
		A5BF259C2876CCDF00D5FBE9 /* Notice */ = {
			isa = PBXGroup;
			children = (
				A57A254A286D7656002DB735 /* NoticeView.swift */,
				A54EC211287402C800FF03E1 /* KWHomeNotice */,
				A54EC21E28743F3F00FF03E1 /* SWCentralNotice */,
			);
			path = Notice;
			sourceTree = "<group>";
		};
		A5BF259D2876CD1900D5FBE9 /* App */ = {
			isa = PBXGroup;
			children = (
				A5E89936286D9EFE009EE85E /* AppDelegate.swift */,
				A5BF259E2876CD5600D5FBE9 /* AppDelegate+.swift */,
				A5BF25A02876CDC600D5FBE9 /* Notification.xcdatamodeld */,
			);
			path = App;
			sourceTree = "<group>";
		};
		A5D4D76B286ECC5A0019F156 /* KWNoticeKit */ = {
			isa = PBXGroup;
			children = (
				A5D4D779286ECCB90019F156 /* Model */,
				A5D4D777286ECCB10019F156 /* Repository */,
				A5D4D778286ECCB50019F156 /* DataStore */,
				A57665482871AB4D00725147 /* Network */,
				A5D4D76C286ECC5A0019F156 /* KWNoticeKit.h */,
			);
			path = KWNoticeKit;
			sourceTree = "<group>";
		};
		A5D4D777286ECCB10019F156 /* Repository */ = {
			isa = PBXGroup;
			children = (
				A57665812871B5D500725147 /* KWHome */,
				A5B8C08E28727F130042E3C5 /* SWCentral */,
			);
			path = Repository;
			sourceTree = "<group>";
		};
		A5D4D778286ECCB50019F156 /* DataStore */ = {
			isa = PBXGroup;
			children = (
				A576657C2871B50100725147 /* KWHome */,
				A5B8C08928727E460042E3C5 /* SWCentral */,
			);
			path = DataStore;
			sourceTree = "<group>";
		};
		A5D4D779286ECCB90019F156 /* Model */ = {
			isa = PBXGroup;
			children = (
				A576654B2871ADDC00725147 /* Endpoint.swift */,
				A576657A2871B37600725147 /* KWHomeNotice.swift */,
				A5B8C08728727CB70042E3C5 /* SWCentralNotice.swift */,
			);
			path = Model;
			sourceTree = "<group>";
		};
/* End PBXGroup section */

/* Begin PBXHeadersBuildPhase section */
		A5D4D765286ECC5A0019F156 /* Headers */ = {
			isa = PBXHeadersBuildPhase;
			buildActionMask = 2147483647;
			files = (
				A5D4D76D286ECC5A0019F156 /* KWNoticeKit.h in Headers */,
			);
			runOnlyForDeploymentPostprocessing = 0;
		};
/* End PBXHeadersBuildPhase section */

/* Begin PBXNativeTarget section */
		A54EC1F22873D87500FF03E1 /* KWNoticeTests */ = {
			isa = PBXNativeTarget;
			buildConfigurationList = A54EC1FB2873D87500FF03E1 /* Build configuration list for PBXNativeTarget "KWNoticeTests" */;
			buildPhases = (
				A54EC1EF2873D87500FF03E1 /* Sources */,
				A54EC1F02873D87500FF03E1 /* Frameworks */,
				A54EC1F12873D87500FF03E1 /* Resources */,
			);
			buildRules = (
			);
			dependencies = (
				A54EC1F82873D87500FF03E1 /* PBXTargetDependency */,
			);
			name = KWNoticeTests;
			productName = KWNoticeTests;
			productReference = A54EC1F32873D87500FF03E1 /* KWNoticeTests.xctest */;
			productType = "com.apple.product-type.bundle.unit-test";
		};
		A576656E2871B20900725147 /* KWNoticeKitTests */ = {
			isa = PBXNativeTarget;
			buildConfigurationList = A57665762871B20900725147 /* Build configuration list for PBXNativeTarget "KWNoticeKitTests" */;
			buildPhases = (
				A576656B2871B20900725147 /* Sources */,
				A576656C2871B20900725147 /* Frameworks */,
				A576656D2871B20900725147 /* Resources */,
			);
			buildRules = (
			);
			dependencies = (
				A57665752871B20900725147 /* PBXTargetDependency */,
			);
			name = KWNoticeKitTests;
			productName = KWNoticeKitTests;
			productReference = A576656F2871B20900725147 /* KWNoticeKitTests.xctest */;
			productType = "com.apple.product-type.bundle.unit-test";
		};
		A57A2535286D702E002DB735 /* KWNotice */ = {
			isa = PBXNativeTarget;
			buildConfigurationList = A57A2544286D702F002DB735 /* Build configuration list for PBXNativeTarget "KWNotice" */;
			buildPhases = (
				A57A2532286D702E002DB735 /* Sources */,
				A57A2533286D702E002DB735 /* Frameworks */,
				A57A2534286D702E002DB735 /* Resources */,
				A5D4D772286ECC5A0019F156 /* Embed Frameworks */,
			);
			buildRules = (
			);
			dependencies = (
				A5D4D76F286ECC5A0019F156 /* PBXTargetDependency */,
			);
			name = KWNotice;
			packageProductDependencies = (
				A5E89930286D9CA2009EE85E /* FirebaseAnalytics */,
				A5E89932286D9CA2009EE85E /* FirebaseMessaging */,
			);
			productName = KWNotice;
			productReference = A57A2536286D702E002DB735 /* KWNotice.app */;
			productType = "com.apple.product-type.application";
		};
		A5D4D769286ECC5A0019F156 /* KWNoticeKit */ = {
			isa = PBXNativeTarget;
			buildConfigurationList = A5D4D775286ECC5A0019F156 /* Build configuration list for PBXNativeTarget "KWNoticeKit" */;
			buildPhases = (
				A5D4D765286ECC5A0019F156 /* Headers */,
				A5D4D766286ECC5A0019F156 /* Sources */,
				A5D4D767286ECC5A0019F156 /* Frameworks */,
				A5D4D768286ECC5A0019F156 /* Resources */,
			);
			buildRules = (
			);
			dependencies = (
			);
			name = KWNoticeKit;
			productName = KWNoticeKit;
			productReference = A5D4D76A286ECC5A0019F156 /* KWNoticeKit.framework */;
			productType = "com.apple.product-type.framework";
		};
/* End PBXNativeTarget section */

/* Begin PBXProject section */
		A57A252E286D702E002DB735 /* Project object */ = {
			isa = PBXProject;
			attributes = {
				BuildIndependentTargetsInParallel = 1;
				LastSwiftUpdateCheck = 1330;
				LastUpgradeCheck = 1330;
				TargetAttributes = {
					A54EC1F22873D87500FF03E1 = {
						CreatedOnToolsVersion = 13.3;
						LastSwiftMigration = 1330;
						TestTargetID = A57A2535286D702E002DB735;
					};
					A576656E2871B20900725147 = {
						CreatedOnToolsVersion = 13.3;
					};
					A57A2535286D702E002DB735 = {
						CreatedOnToolsVersion = 13.3;
					};
					A5D4D769286ECC5A0019F156 = {
						CreatedOnToolsVersion = 13.3;
						LastSwiftMigration = 1330;
					};
				};
			};
			buildConfigurationList = A57A2531286D702E002DB735 /* Build configuration list for PBXProject "KWNotice" */;
			compatibilityVersion = "Xcode 13.0";
			developmentRegion = en;
			hasScannedForEncodings = 0;
			knownRegions = (
				en,
				Base,
			);
			mainGroup = A57A252D286D702E002DB735;
			packageReferences = (
				A5E8992F286D9CA2009EE85E /* XCRemoteSwiftPackageReference "firebase-ios-sdk" */,
			);
			productRefGroup = A57A2537286D702E002DB735 /* Products */;
			projectDirPath = "";
			projectRoot = "";
			targets = (
				A57A2535286D702E002DB735 /* KWNotice */,
				A5D4D769286ECC5A0019F156 /* KWNoticeKit */,
				A576656E2871B20900725147 /* KWNoticeKitTests */,
				A54EC1F22873D87500FF03E1 /* KWNoticeTests */,
			);
		};
/* End PBXProject section */

/* Begin PBXResourcesBuildPhase section */
		A54EC1F12873D87500FF03E1 /* Resources */ = {
			isa = PBXResourcesBuildPhase;
			buildActionMask = 2147483647;
			files = (
			);
			runOnlyForDeploymentPostprocessing = 0;
		};
		A576656D2871B20900725147 /* Resources */ = {
			isa = PBXResourcesBuildPhase;
			buildActionMask = 2147483647;
			files = (
			);
			runOnlyForDeploymentPostprocessing = 0;
		};
		A57A2534286D702E002DB735 /* Resources */ = {
			isa = PBXResourcesBuildPhase;
			buildActionMask = 2147483647;
			files = (
				A57A2541286D702F002DB735 /* Preview Assets.xcassets in Resources */,
				A57A253E286D702F002DB735 /* Assets.xcassets in Resources */,
				A5682209286F35E40034AF65 /* GoogleService-Info.plist in Resources */,
			);
			runOnlyForDeploymentPostprocessing = 0;
		};
		A5D4D768286ECC5A0019F156 /* Resources */ = {
			isa = PBXResourcesBuildPhase;
			buildActionMask = 2147483647;
			files = (
			);
			runOnlyForDeploymentPostprocessing = 0;
		};
/* End PBXResourcesBuildPhase section */

/* Begin PBXSourcesBuildPhase section */
		A54EC1EF2873D87500FF03E1 /* Sources */ = {
			isa = PBXSourcesBuildPhase;
			buildActionMask = 2147483647;
			files = (
				A54EC21A28741DF100FF03E1 /* TestKWHomeDataStore.swift in Sources */,
				A54EC21D28741DFF00FF03E1 /* Random+.swift in Sources */,
				A5E2B9CA28746C7B00FE46A4 /* SWCentralNoticeViewModelTest.swift in Sources */,
				A54EC21B28741DF400FF03E1 /* TestSWCentralDataStore.swift in Sources */,
				A54EC2002873D8B500FF03E1 /* DependencyContainerTest.swift in Sources */,
				A54EC21928741DD700FF03E1 /* KWHomeNoticeViewModelTest.swift in Sources */,
			);
			runOnlyForDeploymentPostprocessing = 0;
		};
		A576656B2871B20900725147 /* Sources */ = {
			isa = PBXSourcesBuildPhase;
			buildActionMask = 2147483647;
			files = (
				A576658B2871BAA400725147 /* TestKWHomeDataStore.swift in Sources */,
				A57665882871BA5200725147 /* KWHomeRepositoryTest.swift in Sources */,
				A576658D2871BB9800725147 /* Random+.swift in Sources */,
				A5B8C096287280990042E3C5 /* SWCentralRepositoryTest.swift in Sources */,
				A5B8C09428727FFE0042E3C5 /* TestSWCentralDataStore.swift in Sources */,
				A57665792871B21A00725147 /* EndpointTest.swift in Sources */,
			);
			runOnlyForDeploymentPostprocessing = 0;
		};
		A57A2532286D702E002DB735 /* Sources */ = {
			isa = PBXSourcesBuildPhase;
			buildActionMask = 2147483647;
			files = (
				A54EC22028743F4E00FF03E1 /* SWCentralNoticeViewModel.swift in Sources */,
				A57A254D286D7661002DB735 /* FavoriteView.swift in Sources */,
				A54EC213287402DB00FF03E1 /* KWHomeNoticeView.swift in Sources */,
				A54EC2022873E86500FF03E1 /* KWHomeNoticeViewModel.swift in Sources */,
				A5BF259F2876CD5600D5FBE9 /* AppDelegate+.swift in Sources */,
				A5C9823C287058E800B0080B /* Topic.swift in Sources */,
				A5BF25A22876CDC600D5FBE9 /* Notification.xcdatamodeld in Sources */,
				A57A2551286D7671002DB735 /* SettingView.swift in Sources */,
				A57A2553286D82F2002DB735 /* Setting.swift in Sources */,
				A5C9823A287054CF00B0080B /* TopicSubscriber.swift in Sources */,
				A5E2B9CC2874719E00FE46A4 /* SWCentralNoticeView.swift in Sources */,
				A57A254B286D7656002DB735 /* NoticeView.swift in Sources */,
				A5B8C0A02872964D0042E3C5 /* DependencyContainer.swift in Sources */,
				A5E89937286D9EFE009EE85E /* AppDelegate.swift in Sources */,
				A54EC21628741D1300FF03E1 /* AlertPublishableObject.swift in Sources */,
				A57A253C286D702E002DB735 /* RootView.swift in Sources */,
				A57A253A286D702E002DB735 /* KWNoticeApp.swift in Sources */,
				A5BF25A42876D72C00D5FBE9 /* SavedNotificationView.swift in Sources */,
			);
			runOnlyForDeploymentPostprocessing = 0;
		};
		A5D4D766286ECC5A0019F156 /* Sources */ = {
			isa = PBXSourcesBuildPhase;
			buildActionMask = 2147483647;
			files = (
				A57665802871B56800725147 /* KWHomeDataStore.swift in Sources */,
				A576657E2871B50E00725147 /* KWHomeDataStoreProtocol.swift in Sources */,
				A5B8C09028727F200042E3C5 /* SWCentralRepositoryProtocol.swift in Sources */,
				A5B8C09228727F6C0042E3C5 /* SWCentralRepository.swift in Sources */,
				A57665852871B7D900725147 /* KWHomeRepository.swift in Sources */,
				A576657B2871B37600725147 /* KWHomeNotice.swift in Sources */,
				A576654C2871ADDC00725147 /* Endpoint.swift in Sources */,
				A5B8C08828727CB70042E3C5 /* SWCentralNotice.swift in Sources */,
				A5B8C08B28727E550042E3C5 /* SWCentralDataStoreProtocol.swift in Sources */,
				A5B8C08D28727E7D0042E3C5 /* SWCentralDataStore.swift in Sources */,
				A57665832871B5E000725147 /* KWHomeRepositoryProtocol.swift in Sources */,
				A576654A2871AB6B00725147 /* APIRequest+APIError.swift in Sources */,
			);
			runOnlyForDeploymentPostprocessing = 0;
		};
/* End PBXSourcesBuildPhase section */

/* Begin PBXTargetDependency section */
		A54EC1F82873D87500FF03E1 /* PBXTargetDependency */ = {
			isa = PBXTargetDependency;
			target = A57A2535286D702E002DB735 /* KWNotice */;
			targetProxy = A54EC1F72873D87500FF03E1 /* PBXContainerItemProxy */;
		};
		A57665752871B20900725147 /* PBXTargetDependency */ = {
			isa = PBXTargetDependency;
			target = A5D4D769286ECC5A0019F156 /* KWNoticeKit */;
			targetProxy = A57665742871B20900725147 /* PBXContainerItemProxy */;
		};
		A5D4D76F286ECC5A0019F156 /* PBXTargetDependency */ = {
			isa = PBXTargetDependency;
			target = A5D4D769286ECC5A0019F156 /* KWNoticeKit */;
			targetProxy = A5D4D76E286ECC5A0019F156 /* PBXContainerItemProxy */;
		};
/* End PBXTargetDependency section */

/* Begin XCBuildConfiguration section */
		A54EC1F92873D87500FF03E1 /* Debug */ = {
			isa = XCBuildConfiguration;
			buildSettings = {
				BUNDLE_LOADER = "$(TEST_HOST)";
				CLANG_ENABLE_MODULES = YES;
				CODE_SIGN_STYLE = Automatic;
				CURRENT_PROJECT_VERSION = 1;
				DEVELOPMENT_TEAM = GTB6BR222W;
				GENERATE_INFOPLIST_FILE = YES;
				LD_RUNPATH_SEARCH_PATHS = (
					"$(inherited)",
					"@executable_path/Frameworks",
					"@loader_path/Frameworks",
				);
				MARKETING_VERSION = 1.0;
				PRODUCT_BUNDLE_IDENTIFIER = com.Harry.KWNoticeTests;
				PRODUCT_NAME = "$(TARGET_NAME)";
				SWIFT_EMIT_LOC_STRINGS = NO;
				SWIFT_OPTIMIZATION_LEVEL = "-Onone";
				SWIFT_VERSION = 5.0;
				TARGETED_DEVICE_FAMILY = "1,2";
				TEST_HOST = "$(BUILT_PRODUCTS_DIR)/KWNotice.app/KWNotice";
			};
			name = Debug;
		};
		A54EC1FA2873D87500FF03E1 /* Release */ = {
			isa = XCBuildConfiguration;
			buildSettings = {
				BUNDLE_LOADER = "$(TEST_HOST)";
				CLANG_ENABLE_MODULES = YES;
				CODE_SIGN_STYLE = Automatic;
				CURRENT_PROJECT_VERSION = 1;
				DEVELOPMENT_TEAM = GTB6BR222W;
				GENERATE_INFOPLIST_FILE = YES;
				LD_RUNPATH_SEARCH_PATHS = (
					"$(inherited)",
					"@executable_path/Frameworks",
					"@loader_path/Frameworks",
				);
				MARKETING_VERSION = 1.0;
				PRODUCT_BUNDLE_IDENTIFIER = com.Harry.KWNoticeTests;
				PRODUCT_NAME = "$(TARGET_NAME)";
				SWIFT_EMIT_LOC_STRINGS = NO;
				SWIFT_VERSION = 5.0;
				TARGETED_DEVICE_FAMILY = "1,2";
				TEST_HOST = "$(BUILT_PRODUCTS_DIR)/KWNotice.app/KWNotice";
			};
			name = Release;
		};
		A57665772871B20900725147 /* Debug */ = {
			isa = XCBuildConfiguration;
			buildSettings = {
				CODE_SIGN_STYLE = Automatic;
				CURRENT_PROJECT_VERSION = 1;
				DEVELOPMENT_TEAM = GTB6BR222W;
				GENERATE_INFOPLIST_FILE = YES;
				MARKETING_VERSION = 1.0;
				PRODUCT_BUNDLE_IDENTIFIER = com.Harry.KWNoticeKitTests;
				PRODUCT_NAME = "$(TARGET_NAME)";
				SWIFT_EMIT_LOC_STRINGS = NO;
				SWIFT_VERSION = 5.0;
				TARGETED_DEVICE_FAMILY = "1,2";
			};
			name = Debug;
		};
		A57665782871B20900725147 /* Release */ = {
			isa = XCBuildConfiguration;
			buildSettings = {
				CODE_SIGN_STYLE = Automatic;
				CURRENT_PROJECT_VERSION = 1;
				DEVELOPMENT_TEAM = GTB6BR222W;
				GENERATE_INFOPLIST_FILE = YES;
				MARKETING_VERSION = 1.0;
				PRODUCT_BUNDLE_IDENTIFIER = com.Harry.KWNoticeKitTests;
				PRODUCT_NAME = "$(TARGET_NAME)";
				SWIFT_EMIT_LOC_STRINGS = NO;
				SWIFT_VERSION = 5.0;
				TARGETED_DEVICE_FAMILY = "1,2";
			};
			name = Release;
		};
		A57A2542286D702F002DB735 /* Debug */ = {
			isa = XCBuildConfiguration;
			buildSettings = {
				ALWAYS_SEARCH_USER_PATHS = NO;
				CLANG_ANALYZER_NONNULL = YES;
				CLANG_ANALYZER_NUMBER_OBJECT_CONVERSION = YES_AGGRESSIVE;
				CLANG_CXX_LANGUAGE_STANDARD = "gnu++17";
				CLANG_ENABLE_MODULES = YES;
				CLANG_ENABLE_OBJC_ARC = YES;
				CLANG_ENABLE_OBJC_WEAK = YES;
				CLANG_WARN_BLOCK_CAPTURE_AUTORELEASING = YES;
				CLANG_WARN_BOOL_CONVERSION = YES;
				CLANG_WARN_COMMA = YES;
				CLANG_WARN_CONSTANT_CONVERSION = YES;
				CLANG_WARN_DEPRECATED_OBJC_IMPLEMENTATIONS = YES;
				CLANG_WARN_DIRECT_OBJC_ISA_USAGE = YES_ERROR;
				CLANG_WARN_DOCUMENTATION_COMMENTS = YES;
				CLANG_WARN_EMPTY_BODY = YES;
				CLANG_WARN_ENUM_CONVERSION = YES;
				CLANG_WARN_INFINITE_RECURSION = YES;
				CLANG_WARN_INT_CONVERSION = YES;
				CLANG_WARN_NON_LITERAL_NULL_CONVERSION = YES;
				CLANG_WARN_OBJC_IMPLICIT_RETAIN_SELF = YES;
				CLANG_WARN_OBJC_LITERAL_CONVERSION = YES;
				CLANG_WARN_OBJC_ROOT_CLASS = YES_ERROR;
				CLANG_WARN_QUOTED_INCLUDE_IN_FRAMEWORK_HEADER = YES;
				CLANG_WARN_RANGE_LOOP_ANALYSIS = YES;
				CLANG_WARN_STRICT_PROTOTYPES = YES;
				CLANG_WARN_SUSPICIOUS_MOVE = YES;
				CLANG_WARN_UNGUARDED_AVAILABILITY = YES_AGGRESSIVE;
				CLANG_WARN_UNREACHABLE_CODE = YES;
				CLANG_WARN__DUPLICATE_METHOD_MATCH = YES;
				COPY_PHASE_STRIP = NO;
				DEBUG_INFORMATION_FORMAT = dwarf;
				ENABLE_STRICT_OBJC_MSGSEND = YES;
				ENABLE_TESTABILITY = YES;
				GCC_C_LANGUAGE_STANDARD = gnu11;
				GCC_DYNAMIC_NO_PIC = NO;
				GCC_NO_COMMON_BLOCKS = YES;
				GCC_OPTIMIZATION_LEVEL = 0;
				GCC_PREPROCESSOR_DEFINITIONS = (
					"DEBUG=1",
					"$(inherited)",
				);
				GCC_WARN_64_TO_32_BIT_CONVERSION = YES;
				GCC_WARN_ABOUT_RETURN_TYPE = YES_ERROR;
				GCC_WARN_UNDECLARED_SELECTOR = YES;
				GCC_WARN_UNINITIALIZED_AUTOS = YES_AGGRESSIVE;
				GCC_WARN_UNUSED_FUNCTION = YES;
				GCC_WARN_UNUSED_VARIABLE = YES;
				IPHONEOS_DEPLOYMENT_TARGET = 15.0;
				MTL_ENABLE_DEBUG_INFO = INCLUDE_SOURCE;
				MTL_FAST_MATH = YES;
				ONLY_ACTIVE_ARCH = YES;
				SDKROOT = iphoneos;
				SWIFT_ACTIVE_COMPILATION_CONDITIONS = DEBUG;
				SWIFT_OPTIMIZATION_LEVEL = "-Onone";
			};
			name = Debug;
		};
		A57A2543286D702F002DB735 /* Release */ = {
			isa = XCBuildConfiguration;
			buildSettings = {
				ALWAYS_SEARCH_USER_PATHS = NO;
				CLANG_ANALYZER_NONNULL = YES;
				CLANG_ANALYZER_NUMBER_OBJECT_CONVERSION = YES_AGGRESSIVE;
				CLANG_CXX_LANGUAGE_STANDARD = "gnu++17";
				CLANG_ENABLE_MODULES = YES;
				CLANG_ENABLE_OBJC_ARC = YES;
				CLANG_ENABLE_OBJC_WEAK = YES;
				CLANG_WARN_BLOCK_CAPTURE_AUTORELEASING = YES;
				CLANG_WARN_BOOL_CONVERSION = YES;
				CLANG_WARN_COMMA = YES;
				CLANG_WARN_CONSTANT_CONVERSION = YES;
				CLANG_WARN_DEPRECATED_OBJC_IMPLEMENTATIONS = YES;
				CLANG_WARN_DIRECT_OBJC_ISA_USAGE = YES_ERROR;
				CLANG_WARN_DOCUMENTATION_COMMENTS = YES;
				CLANG_WARN_EMPTY_BODY = YES;
				CLANG_WARN_ENUM_CONVERSION = YES;
				CLANG_WARN_INFINITE_RECURSION = YES;
				CLANG_WARN_INT_CONVERSION = YES;
				CLANG_WARN_NON_LITERAL_NULL_CONVERSION = YES;
				CLANG_WARN_OBJC_IMPLICIT_RETAIN_SELF = YES;
				CLANG_WARN_OBJC_LITERAL_CONVERSION = YES;
				CLANG_WARN_OBJC_ROOT_CLASS = YES_ERROR;
				CLANG_WARN_QUOTED_INCLUDE_IN_FRAMEWORK_HEADER = YES;
				CLANG_WARN_RANGE_LOOP_ANALYSIS = YES;
				CLANG_WARN_STRICT_PROTOTYPES = YES;
				CLANG_WARN_SUSPICIOUS_MOVE = YES;
				CLANG_WARN_UNGUARDED_AVAILABILITY = YES_AGGRESSIVE;
				CLANG_WARN_UNREACHABLE_CODE = YES;
				CLANG_WARN__DUPLICATE_METHOD_MATCH = YES;
				COPY_PHASE_STRIP = NO;
				DEBUG_INFORMATION_FORMAT = "dwarf-with-dsym";
				ENABLE_NS_ASSERTIONS = NO;
				ENABLE_STRICT_OBJC_MSGSEND = YES;
				GCC_C_LANGUAGE_STANDARD = gnu11;
				GCC_NO_COMMON_BLOCKS = YES;
				GCC_WARN_64_TO_32_BIT_CONVERSION = YES;
				GCC_WARN_ABOUT_RETURN_TYPE = YES_ERROR;
				GCC_WARN_UNDECLARED_SELECTOR = YES;
				GCC_WARN_UNINITIALIZED_AUTOS = YES_AGGRESSIVE;
				GCC_WARN_UNUSED_FUNCTION = YES;
				GCC_WARN_UNUSED_VARIABLE = YES;
				IPHONEOS_DEPLOYMENT_TARGET = 15.0;
				MTL_ENABLE_DEBUG_INFO = NO;
				MTL_FAST_MATH = YES;
				SDKROOT = iphoneos;
				SWIFT_COMPILATION_MODE = wholemodule;
				SWIFT_OPTIMIZATION_LEVEL = "-O";
				VALIDATE_PRODUCT = YES;
			};
			name = Release;
		};
		A57A2545286D702F002DB735 /* Debug */ = {
			isa = XCBuildConfiguration;
			buildSettings = {
				ALWAYS_EMBED_SWIFT_STANDARD_LIBRARIES = YES;
				ASSETCATALOG_COMPILER_APPICON_NAME = AppIcon;
				ASSETCATALOG_COMPILER_GLOBAL_ACCENT_COLOR_NAME = AccentColor;
				CODE_SIGN_ENTITLEMENTS = KWNotice/KWNotice.entitlements;
				CODE_SIGN_STYLE = Automatic;
				CURRENT_PROJECT_VERSION = 1;
				DEVELOPMENT_ASSET_PATHS = "\"KWNotice/Preview Content\"";
				DEVELOPMENT_TEAM = GTB6BR222W;
				ENABLE_PREVIEWS = YES;
				GENERATE_INFOPLIST_FILE = YES;
				INFOPLIST_FILE = KWNotice/Info.plist;
				INFOPLIST_KEY_UIApplicationSceneManifest_Generation = YES;
				INFOPLIST_KEY_UIApplicationSupportsIndirectInputEvents = YES;
				INFOPLIST_KEY_UILaunchScreen_Generation = YES;
				INFOPLIST_KEY_UISupportedInterfaceOrientations_iPad = "UIInterfaceOrientationPortrait UIInterfaceOrientationPortraitUpsideDown UIInterfaceOrientationLandscapeLeft UIInterfaceOrientationLandscapeRight";
				INFOPLIST_KEY_UISupportedInterfaceOrientations_iPhone = "UIInterfaceOrientationPortrait UIInterfaceOrientationLandscapeLeft UIInterfaceOrientationLandscapeRight";
				LD_RUNPATH_SEARCH_PATHS = (
					"$(inherited)",
					"@executable_path/Frameworks",
				);
				MARKETING_VERSION = 1.0;
				PRODUCT_BUNDLE_IDENTIFIER = com.Harry.KWNotice;
				PRODUCT_NAME = "$(TARGET_NAME)";
				SWIFT_EMIT_LOC_STRINGS = YES;
				SWIFT_VERSION = 5.0;
				TARGETED_DEVICE_FAMILY = "1,2";
			};
			name = Debug;
		};
		A57A2546286D702F002DB735 /* Release */ = {
			isa = XCBuildConfiguration;
			buildSettings = {
				ALWAYS_EMBED_SWIFT_STANDARD_LIBRARIES = YES;
				ASSETCATALOG_COMPILER_APPICON_NAME = AppIcon;
				ASSETCATALOG_COMPILER_GLOBAL_ACCENT_COLOR_NAME = AccentColor;
				CODE_SIGN_ENTITLEMENTS = KWNotice/KWNotice.entitlements;
				CODE_SIGN_STYLE = Automatic;
				CURRENT_PROJECT_VERSION = 1;
				DEVELOPMENT_ASSET_PATHS = "\"KWNotice/Preview Content\"";
				DEVELOPMENT_TEAM = GTB6BR222W;
				ENABLE_PREVIEWS = YES;
				GENERATE_INFOPLIST_FILE = YES;
				INFOPLIST_FILE = KWNotice/Info.plist;
				INFOPLIST_KEY_UIApplicationSceneManifest_Generation = YES;
				INFOPLIST_KEY_UIApplicationSupportsIndirectInputEvents = YES;
				INFOPLIST_KEY_UILaunchScreen_Generation = YES;
				INFOPLIST_KEY_UISupportedInterfaceOrientations_iPad = "UIInterfaceOrientationPortrait UIInterfaceOrientationPortraitUpsideDown UIInterfaceOrientationLandscapeLeft UIInterfaceOrientationLandscapeRight";
				INFOPLIST_KEY_UISupportedInterfaceOrientations_iPhone = "UIInterfaceOrientationPortrait UIInterfaceOrientationLandscapeLeft UIInterfaceOrientationLandscapeRight";
				LD_RUNPATH_SEARCH_PATHS = (
					"$(inherited)",
					"@executable_path/Frameworks",
				);
				MARKETING_VERSION = 1.0;
				PRODUCT_BUNDLE_IDENTIFIER = com.Harry.KWNotice;
				PRODUCT_NAME = "$(TARGET_NAME)";
				SWIFT_EMIT_LOC_STRINGS = YES;
				SWIFT_VERSION = 5.0;
				TARGETED_DEVICE_FAMILY = "1,2";
			};
			name = Release;
		};
		A5D4D773286ECC5A0019F156 /* Debug */ = {
			isa = XCBuildConfiguration;
			buildSettings = {
				CLANG_ENABLE_MODULES = YES;
				CODE_SIGN_STYLE = Automatic;
				CURRENT_PROJECT_VERSION = 1;
				DEFINES_MODULE = YES;
				DEVELOPMENT_TEAM = GTB6BR222W;
				DYLIB_COMPATIBILITY_VERSION = 1;
				DYLIB_CURRENT_VERSION = 1;
				DYLIB_INSTALL_NAME_BASE = "@rpath";
				GENERATE_INFOPLIST_FILE = YES;
				INFOPLIST_KEY_NSHumanReadableCopyright = "";
				INSTALL_PATH = "$(LOCAL_LIBRARY_DIR)/Frameworks";
				LD_RUNPATH_SEARCH_PATHS = (
					"$(inherited)",
					"@executable_path/Frameworks",
					"@loader_path/Frameworks",
				);
				MARKETING_VERSION = 1.0;
				PRODUCT_BUNDLE_IDENTIFIER = com.Harry.KWNoticeKit;
				PRODUCT_NAME = "$(TARGET_NAME:c99extidentifier)";
				SKIP_INSTALL = YES;
				SWIFT_EMIT_LOC_STRINGS = YES;
				SWIFT_OPTIMIZATION_LEVEL = "-Onone";
				SWIFT_VERSION = 5.0;
				TARGETED_DEVICE_FAMILY = "1,2";
				VERSIONING_SYSTEM = "apple-generic";
				VERSION_INFO_PREFIX = "";
			};
			name = Debug;
		};
		A5D4D774286ECC5A0019F156 /* Release */ = {
			isa = XCBuildConfiguration;
			buildSettings = {
				CLANG_ENABLE_MODULES = YES;
				CODE_SIGN_STYLE = Automatic;
				CURRENT_PROJECT_VERSION = 1;
				DEFINES_MODULE = YES;
				DEVELOPMENT_TEAM = GTB6BR222W;
				DYLIB_COMPATIBILITY_VERSION = 1;
				DYLIB_CURRENT_VERSION = 1;
				DYLIB_INSTALL_NAME_BASE = "@rpath";
				GENERATE_INFOPLIST_FILE = YES;
				INFOPLIST_KEY_NSHumanReadableCopyright = "";
				INSTALL_PATH = "$(LOCAL_LIBRARY_DIR)/Frameworks";
				LD_RUNPATH_SEARCH_PATHS = (
					"$(inherited)",
					"@executable_path/Frameworks",
					"@loader_path/Frameworks",
				);
				MARKETING_VERSION = 1.0;
				PRODUCT_BUNDLE_IDENTIFIER = com.Harry.KWNoticeKit;
				PRODUCT_NAME = "$(TARGET_NAME:c99extidentifier)";
				SKIP_INSTALL = YES;
				SWIFT_EMIT_LOC_STRINGS = YES;
				SWIFT_VERSION = 5.0;
				TARGETED_DEVICE_FAMILY = "1,2";
				VERSIONING_SYSTEM = "apple-generic";
				VERSION_INFO_PREFIX = "";
			};
			name = Release;
		};
/* End XCBuildConfiguration section */

/* Begin XCConfigurationList section */
		A54EC1FB2873D87500FF03E1 /* Build configuration list for PBXNativeTarget "KWNoticeTests" */ = {
			isa = XCConfigurationList;
			buildConfigurations = (
				A54EC1F92873D87500FF03E1 /* Debug */,
				A54EC1FA2873D87500FF03E1 /* Release */,
			);
			defaultConfigurationIsVisible = 0;
			defaultConfigurationName = Release;
		};
		A57665762871B20900725147 /* Build configuration list for PBXNativeTarget "KWNoticeKitTests" */ = {
			isa = XCConfigurationList;
			buildConfigurations = (
				A57665772871B20900725147 /* Debug */,
				A57665782871B20900725147 /* Release */,
			);
			defaultConfigurationIsVisible = 0;
			defaultConfigurationName = Release;
		};
		A57A2531286D702E002DB735 /* Build configuration list for PBXProject "KWNotice" */ = {
			isa = XCConfigurationList;
			buildConfigurations = (
				A57A2542286D702F002DB735 /* Debug */,
				A57A2543286D702F002DB735 /* Release */,
			);
			defaultConfigurationIsVisible = 0;
			defaultConfigurationName = Release;
		};
		A57A2544286D702F002DB735 /* Build configuration list for PBXNativeTarget "KWNotice" */ = {
			isa = XCConfigurationList;
			buildConfigurations = (
				A57A2545286D702F002DB735 /* Debug */,
				A57A2546286D702F002DB735 /* Release */,
			);
			defaultConfigurationIsVisible = 0;
			defaultConfigurationName = Release;
		};
		A5D4D775286ECC5A0019F156 /* Build configuration list for PBXNativeTarget "KWNoticeKit" */ = {
			isa = XCConfigurationList;
			buildConfigurations = (
				A5D4D773286ECC5A0019F156 /* Debug */,
				A5D4D774286ECC5A0019F156 /* Release */,
			);
			defaultConfigurationIsVisible = 0;
			defaultConfigurationName = Release;
		};
/* End XCConfigurationList section */

/* Begin XCRemoteSwiftPackageReference section */
		A5E8992F286D9CA2009EE85E /* XCRemoteSwiftPackageReference "firebase-ios-sdk" */ = {
			isa = XCRemoteSwiftPackageReference;
			repositoryURL = "https://github.com/firebase/firebase-ios-sdk";
			requirement = {
				kind = upToNextMajorVersion;
				minimumVersion = 9.0.0;
			};
		};
/* End XCRemoteSwiftPackageReference section */

/* Begin XCSwiftPackageProductDependency section */
		A5E89930286D9CA2009EE85E /* FirebaseAnalytics */ = {
			isa = XCSwiftPackageProductDependency;
			package = A5E8992F286D9CA2009EE85E /* XCRemoteSwiftPackageReference "firebase-ios-sdk" */;
			productName = FirebaseAnalytics;
		};
		A5E89932286D9CA2009EE85E /* FirebaseMessaging */ = {
			isa = XCSwiftPackageProductDependency;
			package = A5E8992F286D9CA2009EE85E /* XCRemoteSwiftPackageReference "firebase-ios-sdk" */;
			productName = FirebaseMessaging;
		};
/* End XCSwiftPackageProductDependency section */

/* Begin XCVersionGroup section */
		A5BF25A02876CDC600D5FBE9 /* Notification.xcdatamodeld */ = {
			isa = XCVersionGroup;
			children = (
				A5BF25A12876CDC600D5FBE9 /* Notification.xcdatamodel */,
			);
			currentVersion = A5BF25A12876CDC600D5FBE9 /* Notification.xcdatamodel */;
			path = Notification.xcdatamodeld;
			sourceTree = "<group>";
			versionGroupType = wrapper.xcdatamodel;
		};
/* End XCVersionGroup section */
	};
	rootObject = A57A252E286D702E002DB735 /* Project object */;
}
