// !$*UTF8*$!
{
	archiveVersion = 1;
	classes = {
	};
	objectVersion = 55;
	objects = {

/* Begin PBXBuildFile section */
		A5682209286F35E40034AF65 /* GoogleService-Info.plist in Resources */ = {isa = PBXBuildFile; fileRef = A5682208286F35E40034AF65 /* GoogleService-Info.plist */; };
		A57A253A286D702E002DB735 /* KWNoticeApp.swift in Sources */ = {isa = PBXBuildFile; fileRef = A57A2539286D702E002DB735 /* KWNoticeApp.swift */; };
		A57A253C286D702E002DB735 /* RootView.swift in Sources */ = {isa = PBXBuildFile; fileRef = A57A253B286D702E002DB735 /* RootView.swift */; };
		A57A253E286D702F002DB735 /* Assets.xcassets in Resources */ = {isa = PBXBuildFile; fileRef = A57A253D286D702F002DB735 /* Assets.xcassets */; };
		A57A2541286D702F002DB735 /* Preview Assets.xcassets in Resources */ = {isa = PBXBuildFile; fileRef = A57A2540286D702F002DB735 /* Preview Assets.xcassets */; };
		A57A254B286D7656002DB735 /* NoticeView.swift in Sources */ = {isa = PBXBuildFile; fileRef = A57A254A286D7656002DB735 /* NoticeView.swift */; };
		A57A254D286D7661002DB735 /* FavoriteView.swift in Sources */ = {isa = PBXBuildFile; fileRef = A57A254C286D7661002DB735 /* FavoriteView.swift */; };
		A57A2551286D7671002DB735 /* SettingView.swift in Sources */ = {isa = PBXBuildFile; fileRef = A57A2550286D7671002DB735 /* SettingView.swift */; };
		A57A2553286D82F2002DB735 /* Setting.swift in Sources */ = {isa = PBXBuildFile; fileRef = A57A2552286D82F2002DB735 /* Setting.swift */; };
		A5C9823A287054CF00B0080B /* TopicSubscriber.swift in Sources */ = {isa = PBXBuildFile; fileRef = A5C98239287054CF00B0080B /* TopicSubscriber.swift */; };
		A5C9823C287058E800B0080B /* Topic.swift in Sources */ = {isa = PBXBuildFile; fileRef = A5C9823B287058E800B0080B /* Topic.swift */; };
		A5D4D76D286ECC5A0019F156 /* KWNoticeKit.h in Headers */ = {isa = PBXBuildFile; fileRef = A5D4D76C286ECC5A0019F156 /* KWNoticeKit.h */; settings = {ATTRIBUTES = (Public, ); }; };
		A5D4D770286ECC5A0019F156 /* KWNoticeKit.framework in Frameworks */ = {isa = PBXBuildFile; fileRef = A5D4D76A286ECC5A0019F156 /* KWNoticeKit.framework */; };
		A5D4D771286ECC5A0019F156 /* KWNoticeKit.framework in Embed Frameworks */ = {isa = PBXBuildFile; fileRef = A5D4D76A286ECC5A0019F156 /* KWNoticeKit.framework */; settings = {ATTRIBUTES = (CodeSignOnCopy, RemoveHeadersOnCopy, ); }; };
		A5E89931286D9CA2009EE85E /* FirebaseAnalytics in Frameworks */ = {isa = PBXBuildFile; productRef = A5E89930286D9CA2009EE85E /* FirebaseAnalytics */; };
		A5E89933286D9CA2009EE85E /* FirebaseMessaging in Frameworks */ = {isa = PBXBuildFile; productRef = A5E89932286D9CA2009EE85E /* FirebaseMessaging */; };
		A5E89937286D9EFE009EE85E /* AppDelegate.swift in Sources */ = {isa = PBXBuildFile; fileRef = A5E89936286D9EFE009EE85E /* AppDelegate.swift */; };
/* End PBXBuildFile section */

/* Begin PBXContainerItemProxy section */
		A5D4D76E286ECC5A0019F156 /* PBXContainerItemProxy */ = {
			isa = PBXContainerItemProxy;
			containerPortal = A57A252E286D702E002DB735 /* Project object */;
			proxyType = 1;
			remoteGlobalIDString = A5D4D769286ECC5A0019F156;
			remoteInfo = KWNoticeKit;
		};
/* End PBXContainerItemProxy section */

/* Begin PBXCopyFilesBuildPhase section */
		A5D4D772286ECC5A0019F156 /* Embed Frameworks */ = {
			isa = PBXCopyFilesBuildPhase;
			buildActionMask = 2147483647;
			dstPath = "";
			dstSubfolderSpec = 10;
			files = (
				A5D4D771286ECC5A0019F156 /* KWNoticeKit.framework in Embed Frameworks */,
			);
			name = "Embed Frameworks";
			runOnlyForDeploymentPostprocessing = 0;
		};
/* End PBXCopyFilesBuildPhase section */

/* Begin PBXFileReference section */
		A5682208286F35E40034AF65 /* GoogleService-Info.plist */ = {isa = PBXFileReference; fileEncoding = 4; lastKnownFileType = text.plist.xml; path = "GoogleService-Info.plist"; sourceTree = "<group>"; };
		A57A2536286D702E002DB735 /* KWNotice.app */ = {isa = PBXFileReference; explicitFileType = wrapper.application; includeInIndex = 0; path = KWNotice.app; sourceTree = BUILT_PRODUCTS_DIR; };
		A57A2539286D702E002DB735 /* KWNoticeApp.swift */ = {isa = PBXFileReference; lastKnownFileType = sourcecode.swift; path = KWNoticeApp.swift; sourceTree = "<group>"; };
		A57A253B286D702E002DB735 /* RootView.swift */ = {isa = PBXFileReference; lastKnownFileType = sourcecode.swift; path = RootView.swift; sourceTree = "<group>"; };
		A57A253D286D702F002DB735 /* Assets.xcassets */ = {isa = PBXFileReference; lastKnownFileType = folder.assetcatalog; path = Assets.xcassets; sourceTree = "<group>"; };
		A57A2540286D702F002DB735 /* Preview Assets.xcassets */ = {isa = PBXFileReference; lastKnownFileType = folder.assetcatalog; path = "Preview Assets.xcassets"; sourceTree = "<group>"; };
		A57A254A286D7656002DB735 /* NoticeView.swift */ = {isa = PBXFileReference; lastKnownFileType = sourcecode.swift; path = NoticeView.swift; sourceTree = "<group>"; };
		A57A254C286D7661002DB735 /* FavoriteView.swift */ = {isa = PBXFileReference; lastKnownFileType = sourcecode.swift; path = FavoriteView.swift; sourceTree = "<group>"; };
		A57A2550286D7671002DB735 /* SettingView.swift */ = {isa = PBXFileReference; lastKnownFileType = sourcecode.swift; path = SettingView.swift; sourceTree = "<group>"; };
		A57A2552286D82F2002DB735 /* Setting.swift */ = {isa = PBXFileReference; lastKnownFileType = sourcecode.swift; path = Setting.swift; sourceTree = "<group>"; };
		A5C98239287054CF00B0080B /* TopicSubscriber.swift */ = {isa = PBXFileReference; lastKnownFileType = sourcecode.swift; path = TopicSubscriber.swift; sourceTree = "<group>"; };
		A5C9823B287058E800B0080B /* Topic.swift */ = {isa = PBXFileReference; lastKnownFileType = sourcecode.swift; path = Topic.swift; sourceTree = "<group>"; };
		A5D4D76A286ECC5A0019F156 /* KWNoticeKit.framework */ = {isa = PBXFileReference; explicitFileType = wrapper.framework; includeInIndex = 0; path = KWNoticeKit.framework; sourceTree = BUILT_PRODUCTS_DIR; };
		A5D4D76C286ECC5A0019F156 /* KWNoticeKit.h */ = {isa = PBXFileReference; lastKnownFileType = sourcecode.c.h; path = KWNoticeKit.h; sourceTree = "<group>"; };
		A5E89934286D9E77009EE85E /* KWNotice.entitlements */ = {isa = PBXFileReference; lastKnownFileType = text.plist.entitlements; path = KWNotice.entitlements; sourceTree = "<group>"; };
		A5E89935286D9E90009EE85E /* Info.plist */ = {isa = PBXFileReference; lastKnownFileType = text.plist; path = Info.plist; sourceTree = "<group>"; };
		A5E89936286D9EFE009EE85E /* AppDelegate.swift */ = {isa = PBXFileReference; lastKnownFileType = sourcecode.swift; path = AppDelegate.swift; sourceTree = "<group>"; };
/* End PBXFileReference section */

/* Begin PBXFrameworksBuildPhase section */
		A57A2533286D702E002DB735 /* Frameworks */ = {
			isa = PBXFrameworksBuildPhase;
			buildActionMask = 2147483647;
			files = (
				A5E89933286D9CA2009EE85E /* FirebaseMessaging in Frameworks */,
				A5E89931286D9CA2009EE85E /* FirebaseAnalytics in Frameworks */,
				A5D4D770286ECC5A0019F156 /* KWNoticeKit.framework in Frameworks */,
			);
			runOnlyForDeploymentPostprocessing = 0;
		};
		A5D4D767286ECC5A0019F156 /* Frameworks */ = {
			isa = PBXFrameworksBuildPhase;
			buildActionMask = 2147483647;
			files = (
			);
			runOnlyForDeploymentPostprocessing = 0;
		};
/* End PBXFrameworksBuildPhase section */

/* Begin PBXGroup section */
		A57A252D286D702E002DB735 = {
			isa = PBXGroup;
			children = (
				A57A2538286D702E002DB735 /* KWNotice */,
				A5D4D76B286ECC5A0019F156 /* KWNoticeKit */,
				A57A2537286D702E002DB735 /* Products */,
			);
			sourceTree = "<group>";
		};
		A57A2537286D702E002DB735 /* Products */ = {
			isa = PBXGroup;
			children = (
				A57A2536286D702E002DB735 /* KWNotice.app */,
				A5D4D76A286ECC5A0019F156 /* KWNoticeKit.framework */,
			);
			name = Products;
			sourceTree = "<group>";
		};
		A57A2538286D702E002DB735 /* KWNotice */ = {
			isa = PBXGroup;
			children = (
				A5682208286F35E40034AF65 /* GoogleService-Info.plist */,
				A5E89935286D9E90009EE85E /* Info.plist */,
				A5E89934286D9E77009EE85E /* KWNotice.entitlements */,
				A57A2547286D7640002DB735 /* Notice */,
				A57A2548286D7645002DB735 /* Favorite */,
				A57A2549286D7648002DB735 /* Setting */,
				A57A2539286D702E002DB735 /* KWNoticeApp.swift */,
				A5E89936286D9EFE009EE85E /* AppDelegate.swift */,
				A57A253B286D702E002DB735 /* RootView.swift */,
				A57A253D286D702F002DB735 /* Assets.xcassets */,
				A57A253F286D702F002DB735 /* Preview Content */,
			);
			path = KWNotice;
			sourceTree = "<group>";
		};
		A57A253F286D702F002DB735 /* Preview Content */ = {
			isa = PBXGroup;
			children = (
				A57A2540286D702F002DB735 /* Preview Assets.xcassets */,
			);
			path = "Preview Content";
			sourceTree = "<group>";
		};
		A57A2547286D7640002DB735 /* Notice */ = {
			isa = PBXGroup;
			children = (
				A57A254A286D7656002DB735 /* NoticeView.swift */,
			);
			path = Notice;
			sourceTree = "<group>";
		};
		A57A2548286D7645002DB735 /* Favorite */ = {
			isa = PBXGroup;
			children = (
				A57A254C286D7661002DB735 /* FavoriteView.swift */,
			);
			path = Favorite;
			sourceTree = "<group>";
		};
		A57A2549286D7648002DB735 /* Setting */ = {
			isa = PBXGroup;
			children = (
				A57A2550286D7671002DB735 /* SettingView.swift */,
				A57A2552286D82F2002DB735 /* Setting.swift */,
				A5C98239287054CF00B0080B /* TopicSubscriber.swift */,
				A5C9823B287058E800B0080B /* Topic.swift */,
			);
			path = Setting;
			sourceTree = "<group>";
		};
		A5D4D76B286ECC5A0019F156 /* KWNoticeKit */ = {
			isa = PBXGroup;
			children = (
				A5D4D779286ECCB90019F156 /* Model */,
				A5D4D777286ECCB10019F156 /* Repository */,
				A5D4D778286ECCB50019F156 /* DataStore */,
				A5D4D76C286ECC5A0019F156 /* KWNoticeKit.h */,
			);
			path = KWNoticeKit;
			sourceTree = "<group>";
		};
		A5D4D777286ECCB10019F156 /* Repository */ = {
			isa = PBXGroup;
			children = (
			);
			path = Repository;
			sourceTree = "<group>";
		};
		A5D4D778286ECCB50019F156 /* DataStore */ = {
			isa = PBXGroup;
			children = (
			);
			path = DataStore;
			sourceTree = "<group>";
		};
		A5D4D779286ECCB90019F156 /* Model */ = {
			isa = PBXGroup;
			children = (
			);
			path = Model;
			sourceTree = "<group>";
		};
/* End PBXGroup section */

/* Begin PBXHeadersBuildPhase section */
		A5D4D765286ECC5A0019F156 /* Headers */ = {
			isa = PBXHeadersBuildPhase;
			buildActionMask = 2147483647;
			files = (
				A5D4D76D286ECC5A0019F156 /* KWNoticeKit.h in Headers */,
			);
			runOnlyForDeploymentPostprocessing = 0;
		};
/* End PBXHeadersBuildPhase section */

/* Begin PBXNativeTarget section */
		A57A2535286D702E002DB735 /* KWNotice */ = {
			isa = PBXNativeTarget;
			buildConfigurationList = A57A2544286D702F002DB735 /* Build configuration list for PBXNativeTarget "KWNotice" */;
			buildPhases = (
				A57A2532286D702E002DB735 /* Sources */,
				A57A2533286D702E002DB735 /* Frameworks */,
				A57A2534286D702E002DB735 /* Resources */,
				A5D4D772286ECC5A0019F156 /* Embed Frameworks */,
			);
			buildRules = (
			);
			dependencies = (
				A5D4D76F286ECC5A0019F156 /* PBXTargetDependency */,
			);
			name = KWNotice;
			packageProductDependencies = (
				A5E89930286D9CA2009EE85E /* FirebaseAnalytics */,
				A5E89932286D9CA2009EE85E /* FirebaseMessaging */,
			);
			productName = KWNotice;
			productReference = A57A2536286D702E002DB735 /* KWNotice.app */;
			productType = "com.apple.product-type.application";
		};
		A5D4D769286ECC5A0019F156 /* KWNoticeKit */ = {
			isa = PBXNativeTarget;
			buildConfigurationList = A5D4D775286ECC5A0019F156 /* Build configuration list for PBXNativeTarget "KWNoticeKit" */;
			buildPhases = (
				A5D4D765286ECC5A0019F156 /* Headers */,
				A5D4D766286ECC5A0019F156 /* Sources */,
				A5D4D767286ECC5A0019F156 /* Frameworks */,
				A5D4D768286ECC5A0019F156 /* Resources */,
			);
			buildRules = (
			);
			dependencies = (
			);
			name = KWNoticeKit;
			productName = KWNoticeKit;
			productReference = A5D4D76A286ECC5A0019F156 /* KWNoticeKit.framework */;
			productType = "com.apple.product-type.framework";
		};
/* End PBXNativeTarget section */

/* Begin PBXProject section */
		A57A252E286D702E002DB735 /* Project object */ = {
			isa = PBXProject;
			attributes = {
				BuildIndependentTargetsInParallel = 1;
				LastSwiftUpdateCheck = 1330;
				LastUpgradeCheck = 1330;
				TargetAttributes = {
					A57A2535286D702E002DB735 = {
						CreatedOnToolsVersion = 13.3;
					};
					A5D4D769286ECC5A0019F156 = {
						CreatedOnToolsVersion = 13.3;
					};
				};
			};
			buildConfigurationList = A57A2531286D702E002DB735 /* Build configuration list for PBXProject "KWNotice" */;
			compatibilityVersion = "Xcode 13.0";
			developmentRegion = en;
			hasScannedForEncodings = 0;
			knownRegions = (
				en,
				Base,
			);
			mainGroup = A57A252D286D702E002DB735;
			packageReferences = (
				A5E8992F286D9CA2009EE85E /* XCRemoteSwiftPackageReference "firebase-ios-sdk" */,
			);
			productRefGroup = A57A2537286D702E002DB735 /* Products */;
			projectDirPath = "";
			projectRoot = "";
			targets = (
				A57A2535286D702E002DB735 /* KWNotice */,
				A5D4D769286ECC5A0019F156 /* KWNoticeKit */,
			);
		};
/* End PBXProject section */

/* Begin PBXResourcesBuildPhase section */
		A57A2534286D702E002DB735 /* Resources */ = {
			isa = PBXResourcesBuildPhase;
			buildActionMask = 2147483647;
			files = (
				A57A2541286D702F002DB735 /* Preview Assets.xcassets in Resources */,
				A57A253E286D702F002DB735 /* Assets.xcassets in Resources */,
				A5682209286F35E40034AF65 /* GoogleService-Info.plist in Resources */,
			);
			runOnlyForDeploymentPostprocessing = 0;
		};
		A5D4D768286ECC5A0019F156 /* Resources */ = {
			isa = PBXResourcesBuildPhase;
			buildActionMask = 2147483647;
			files = (
			);
			runOnlyForDeploymentPostprocessing = 0;
		};
/* End PBXResourcesBuildPhase section */

/* Begin PBXSourcesBuildPhase section */
		A57A2532286D702E002DB735 /* Sources */ = {
			isa = PBXSourcesBuildPhase;
			buildActionMask = 2147483647;
			files = (
				A57A254D286D7661002DB735 /* FavoriteView.swift in Sources */,
				A5C9823C287058E800B0080B /* Topic.swift in Sources */,
				A57A2551286D7671002DB735 /* SettingView.swift in Sources */,
				A57A2553286D82F2002DB735 /* Setting.swift in Sources */,
				A5C9823A287054CF00B0080B /* TopicSubscriber.swift in Sources */,
				A57A254B286D7656002DB735 /* NoticeView.swift in Sources */,
				A5E89937286D9EFE009EE85E /* AppDelegate.swift in Sources */,
				A57A253C286D702E002DB735 /* RootView.swift in Sources */,
				A57A253A286D702E002DB735 /* KWNoticeApp.swift in Sources */,
			);
			runOnlyForDeploymentPostprocessing = 0;
		};
		A5D4D766286ECC5A0019F156 /* Sources */ = {
			isa = PBXSourcesBuildPhase;
			buildActionMask = 2147483647;
			files = (
			);
			runOnlyForDeploymentPostprocessing = 0;
		};
/* End PBXSourcesBuildPhase section */

/* Begin PBXTargetDependency section */
		A5D4D76F286ECC5A0019F156 /* PBXTargetDependency */ = {
			isa = PBXTargetDependency;
			target = A5D4D769286ECC5A0019F156 /* KWNoticeKit */;
			targetProxy = A5D4D76E286ECC5A0019F156 /* PBXContainerItemProxy */;
		};
/* End PBXTargetDependency section */

/* Begin XCBuildConfiguration section */
		A57A2542286D702F002DB735 /* Debug */ = {
			isa = XCBuildConfiguration;
			buildSettings = {
				ALWAYS_SEARCH_USER_PATHS = NO;
				CLANG_ANALYZER_NONNULL = YES;
				CLANG_ANALYZER_NUMBER_OBJECT_CONVERSION = YES_AGGRESSIVE;
				CLANG_CXX_LANGUAGE_STANDARD = "gnu++17";
				CLANG_ENABLE_MODULES = YES;
				CLANG_ENABLE_OBJC_ARC = YES;
				CLANG_ENABLE_OBJC_WEAK = YES;
				CLANG_WARN_BLOCK_CAPTURE_AUTORELEASING = YES;
				CLANG_WARN_BOOL_CONVERSION = YES;
				CLANG_WARN_COMMA = YES;
				CLANG_WARN_CONSTANT_CONVERSION = YES;
				CLANG_WARN_DEPRECATED_OBJC_IMPLEMENTATIONS = YES;
				CLANG_WARN_DIRECT_OBJC_ISA_USAGE = YES_ERROR;
				CLANG_WARN_DOCUMENTATION_COMMENTS = YES;
				CLANG_WARN_EMPTY_BODY = YES;
				CLANG_WARN_ENUM_CONVERSION = YES;
				CLANG_WARN_INFINITE_RECURSION = YES;
				CLANG_WARN_INT_CONVERSION = YES;
				CLANG_WARN_NON_LITERAL_NULL_CONVERSION = YES;
				CLANG_WARN_OBJC_IMPLICIT_RETAIN_SELF = YES;
				CLANG_WARN_OBJC_LITERAL_CONVERSION = YES;
				CLANG_WARN_OBJC_ROOT_CLASS = YES_ERROR;
				CLANG_WARN_QUOTED_INCLUDE_IN_FRAMEWORK_HEADER = YES;
				CLANG_WARN_RANGE_LOOP_ANALYSIS = YES;
				CLANG_WARN_STRICT_PROTOTYPES = YES;
				CLANG_WARN_SUSPICIOUS_MOVE = YES;
				CLANG_WARN_UNGUARDED_AVAILABILITY = YES_AGGRESSIVE;
				CLANG_WARN_UNREACHABLE_CODE = YES;
				CLANG_WARN__DUPLICATE_METHOD_MATCH = YES;
				COPY_PHASE_STRIP = NO;
				DEBUG_INFORMATION_FORMAT = dwarf;
				ENABLE_STRICT_OBJC_MSGSEND = YES;
				ENABLE_TESTABILITY = YES;
				GCC_C_LANGUAGE_STANDARD = gnu11;
				GCC_DYNAMIC_NO_PIC = NO;
				GCC_NO_COMMON_BLOCKS = YES;
				GCC_OPTIMIZATION_LEVEL = 0;
				GCC_PREPROCESSOR_DEFINITIONS = (
					"DEBUG=1",
					"$(inherited)",
				);
				GCC_WARN_64_TO_32_BIT_CONVERSION = YES;
				GCC_WARN_ABOUT_RETURN_TYPE = YES_ERROR;
				GCC_WARN_UNDECLARED_SELECTOR = YES;
				GCC_WARN_UNINITIALIZED_AUTOS = YES_AGGRESSIVE;
				GCC_WARN_UNUSED_FUNCTION = YES;
				GCC_WARN_UNUSED_VARIABLE = YES;
				IPHONEOS_DEPLOYMENT_TARGET = 15.4;
				MTL_ENABLE_DEBUG_INFO = INCLUDE_SOURCE;
				MTL_FAST_MATH = YES;
				ONLY_ACTIVE_ARCH = YES;
				SDKROOT = iphoneos;
				SWIFT_ACTIVE_COMPILATION_CONDITIONS = DEBUG;
				SWIFT_OPTIMIZATION_LEVEL = "-Onone";
			};
			name = Debug;
		};
		A57A2543286D702F002DB735 /* Release */ = {
			isa = XCBuildConfiguration;
			buildSettings = {
				ALWAYS_SEARCH_USER_PATHS = NO;
				CLANG_ANALYZER_NONNULL = YES;
				CLANG_ANALYZER_NUMBER_OBJECT_CONVERSION = YES_AGGRESSIVE;
				CLANG_CXX_LANGUAGE_STANDARD = "gnu++17";
				CLANG_ENABLE_MODULES = YES;
				CLANG_ENABLE_OBJC_ARC = YES;
				CLANG_ENABLE_OBJC_WEAK = YES;
				CLANG_WARN_BLOCK_CAPTURE_AUTORELEASING = YES;
				CLANG_WARN_BOOL_CONVERSION = YES;
				CLANG_WARN_COMMA = YES;
				CLANG_WARN_CONSTANT_CONVERSION = YES;
				CLANG_WARN_DEPRECATED_OBJC_IMPLEMENTATIONS = YES;
				CLANG_WARN_DIRECT_OBJC_ISA_USAGE = YES_ERROR;
				CLANG_WARN_DOCUMENTATION_COMMENTS = YES;
				CLANG_WARN_EMPTY_BODY = YES;
				CLANG_WARN_ENUM_CONVERSION = YES;
				CLANG_WARN_INFINITE_RECURSION = YES;
				CLANG_WARN_INT_CONVERSION = YES;
				CLANG_WARN_NON_LITERAL_NULL_CONVERSION = YES;
				CLANG_WARN_OBJC_IMPLICIT_RETAIN_SELF = YES;
				CLANG_WARN_OBJC_LITERAL_CONVERSION = YES;
				CLANG_WARN_OBJC_ROOT_CLASS = YES_ERROR;
				CLANG_WARN_QUOTED_INCLUDE_IN_FRAMEWORK_HEADER = YES;
				CLANG_WARN_RANGE_LOOP_ANALYSIS = YES;
				CLANG_WARN_STRICT_PROTOTYPES = YES;
				CLANG_WARN_SUSPICIOUS_MOVE = YES;
				CLANG_WARN_UNGUARDED_AVAILABILITY = YES_AGGRESSIVE;
				CLANG_WARN_UNREACHABLE_CODE = YES;
				CLANG_WARN__DUPLICATE_METHOD_MATCH = YES;
				COPY_PHASE_STRIP = NO;
				DEBUG_INFORMATION_FORMAT = "dwarf-with-dsym";
				ENABLE_NS_ASSERTIONS = NO;
				ENABLE_STRICT_OBJC_MSGSEND = YES;
				GCC_C_LANGUAGE_STANDARD = gnu11;
				GCC_NO_COMMON_BLOCKS = YES;
				GCC_WARN_64_TO_32_BIT_CONVERSION = YES;
				GCC_WARN_ABOUT_RETURN_TYPE = YES_ERROR;
				GCC_WARN_UNDECLARED_SELECTOR = YES;
				GCC_WARN_UNINITIALIZED_AUTOS = YES_AGGRESSIVE;
				GCC_WARN_UNUSED_FUNCTION = YES;
				GCC_WARN_UNUSED_VARIABLE = YES;
				IPHONEOS_DEPLOYMENT_TARGET = 15.4;
				MTL_ENABLE_DEBUG_INFO = NO;
				MTL_FAST_MATH = YES;
				SDKROOT = iphoneos;
				SWIFT_COMPILATION_MODE = wholemodule;
				SWIFT_OPTIMIZATION_LEVEL = "-O";
				VALIDATE_PRODUCT = YES;
			};
			name = Release;
		};
		A57A2545286D702F002DB735 /* Debug */ = {
			isa = XCBuildConfiguration;
			buildSettings = {
				ASSETCATALOG_COMPILER_APPICON_NAME = AppIcon;
				ASSETCATALOG_COMPILER_GLOBAL_ACCENT_COLOR_NAME = AccentColor;
				CODE_SIGN_ENTITLEMENTS = KWNotice/KWNotice.entitlements;
				CODE_SIGN_STYLE = Automatic;
				CURRENT_PROJECT_VERSION = 1;
				DEVELOPMENT_ASSET_PATHS = "\"KWNotice/Preview Content\"";
				DEVELOPMENT_TEAM = GTB6BR222W;
				ENABLE_PREVIEWS = YES;
				GENERATE_INFOPLIST_FILE = YES;
				INFOPLIST_FILE = KWNotice/Info.plist;
				INFOPLIST_KEY_UIApplicationSceneManifest_Generation = YES;
				INFOPLIST_KEY_UIApplicationSupportsIndirectInputEvents = YES;
				INFOPLIST_KEY_UILaunchScreen_Generation = YES;
				INFOPLIST_KEY_UISupportedInterfaceOrientations_iPad = "UIInterfaceOrientationPortrait UIInterfaceOrientationPortraitUpsideDown UIInterfaceOrientationLandscapeLeft UIInterfaceOrientationLandscapeRight";
				INFOPLIST_KEY_UISupportedInterfaceOrientations_iPhone = "UIInterfaceOrientationPortrait UIInterfaceOrientationLandscapeLeft UIInterfaceOrientationLandscapeRight";
				LD_RUNPATH_SEARCH_PATHS = (
					"$(inherited)",
					"@executable_path/Frameworks",
				);
				MARKETING_VERSION = 1.0;
				PRODUCT_BUNDLE_IDENTIFIER = com.Harry.KWNotice;
				PRODUCT_NAME = "$(TARGET_NAME)";
				SWIFT_EMIT_LOC_STRINGS = YES;
				SWIFT_VERSION = 5.0;
				TARGETED_DEVICE_FAMILY = "1,2";
			};
			name = Debug;
		};
		A57A2546286D702F002DB735 /* Release */ = {
			isa = XCBuildConfiguration;
			buildSettings = {
				ASSETCATALOG_COMPILER_APPICON_NAME = AppIcon;
				ASSETCATALOG_COMPILER_GLOBAL_ACCENT_COLOR_NAME = AccentColor;
				CODE_SIGN_ENTITLEMENTS = KWNotice/KWNotice.entitlements;
				CODE_SIGN_STYLE = Automatic;
				CURRENT_PROJECT_VERSION = 1;
				DEVELOPMENT_ASSET_PATHS = "\"KWNotice/Preview Content\"";
				DEVELOPMENT_TEAM = GTB6BR222W;
				ENABLE_PREVIEWS = YES;
				GENERATE_INFOPLIST_FILE = YES;
				INFOPLIST_FILE = KWNotice/Info.plist;
				INFOPLIST_KEY_UIApplicationSceneManifest_Generation = YES;
				INFOPLIST_KEY_UIApplicationSupportsIndirectInputEvents = YES;
				INFOPLIST_KEY_UILaunchScreen_Generation = YES;
				INFOPLIST_KEY_UISupportedInterfaceOrientations_iPad = "UIInterfaceOrientationPortrait UIInterfaceOrientationPortraitUpsideDown UIInterfaceOrientationLandscapeLeft UIInterfaceOrientationLandscapeRight";
				INFOPLIST_KEY_UISupportedInterfaceOrientations_iPhone = "UIInterfaceOrientationPortrait UIInterfaceOrientationLandscapeLeft UIInterfaceOrientationLandscapeRight";
				LD_RUNPATH_SEARCH_PATHS = (
					"$(inherited)",
					"@executable_path/Frameworks",
				);
				MARKETING_VERSION = 1.0;
				PRODUCT_BUNDLE_IDENTIFIER = com.Harry.KWNotice;
				PRODUCT_NAME = "$(TARGET_NAME)";
				SWIFT_EMIT_LOC_STRINGS = YES;
				SWIFT_VERSION = 5.0;
				TARGETED_DEVICE_FAMILY = "1,2";
			};
			name = Release;
		};
		A5D4D773286ECC5A0019F156 /* Debug */ = {
			isa = XCBuildConfiguration;
			buildSettings = {
				CODE_SIGN_STYLE = Automatic;
				CURRENT_PROJECT_VERSION = 1;
				DEFINES_MODULE = YES;
				DEVELOPMENT_TEAM = GTB6BR222W;
				DYLIB_COMPATIBILITY_VERSION = 1;
				DYLIB_CURRENT_VERSION = 1;
				DYLIB_INSTALL_NAME_BASE = "@rpath";
				GENERATE_INFOPLIST_FILE = YES;
				INFOPLIST_KEY_NSHumanReadableCopyright = "";
				INSTALL_PATH = "$(LOCAL_LIBRARY_DIR)/Frameworks";
				LD_RUNPATH_SEARCH_PATHS = (
					"$(inherited)",
					"@executable_path/Frameworks",
					"@loader_path/Frameworks",
				);
				MARKETING_VERSION = 1.0;
				PRODUCT_BUNDLE_IDENTIFIER = com.Harry.KWNoticeKit;
				PRODUCT_NAME = "$(TARGET_NAME:c99extidentifier)";
				SKIP_INSTALL = YES;
				SWIFT_EMIT_LOC_STRINGS = YES;
				SWIFT_VERSION = 5.0;
				TARGETED_DEVICE_FAMILY = "1,2";
				VERSIONING_SYSTEM = "apple-generic";
				VERSION_INFO_PREFIX = "";
			};
			name = Debug;
		};
		A5D4D774286ECC5A0019F156 /* Release */ = {
			isa = XCBuildConfiguration;
			buildSettings = {
				CODE_SIGN_STYLE = Automatic;
				CURRENT_PROJECT_VERSION = 1;
				DEFINES_MODULE = YES;
				DEVELOPMENT_TEAM = GTB6BR222W;
				DYLIB_COMPATIBILITY_VERSION = 1;
				DYLIB_CURRENT_VERSION = 1;
				DYLIB_INSTALL_NAME_BASE = "@rpath";
				GENERATE_INFOPLIST_FILE = YES;
				INFOPLIST_KEY_NSHumanReadableCopyright = "";
				INSTALL_PATH = "$(LOCAL_LIBRARY_DIR)/Frameworks";
				LD_RUNPATH_SEARCH_PATHS = (
					"$(inherited)",
					"@executable_path/Frameworks",
					"@loader_path/Frameworks",
				);
				MARKETING_VERSION = 1.0;
				PRODUCT_BUNDLE_IDENTIFIER = com.Harry.KWNoticeKit;
				PRODUCT_NAME = "$(TARGET_NAME:c99extidentifier)";
				SKIP_INSTALL = YES;
				SWIFT_EMIT_LOC_STRINGS = YES;
				SWIFT_VERSION = 5.0;
				TARGETED_DEVICE_FAMILY = "1,2";
				VERSIONING_SYSTEM = "apple-generic";
				VERSION_INFO_PREFIX = "";
			};
			name = Release;
		};
/* End XCBuildConfiguration section */

/* Begin XCConfigurationList section */
		A57A2531286D702E002DB735 /* Build configuration list for PBXProject "KWNotice" */ = {
			isa = XCConfigurationList;
			buildConfigurations = (
				A57A2542286D702F002DB735 /* Debug */,
				A57A2543286D702F002DB735 /* Release */,
			);
			defaultConfigurationIsVisible = 0;
			defaultConfigurationName = Release;
		};
		A57A2544286D702F002DB735 /* Build configuration list for PBXNativeTarget "KWNotice" */ = {
			isa = XCConfigurationList;
			buildConfigurations = (
				A57A2545286D702F002DB735 /* Debug */,
				A57A2546286D702F002DB735 /* Release */,
			);
			defaultConfigurationIsVisible = 0;
			defaultConfigurationName = Release;
		};
		A5D4D775286ECC5A0019F156 /* Build configuration list for PBXNativeTarget "KWNoticeKit" */ = {
			isa = XCConfigurationList;
			buildConfigurations = (
				A5D4D773286ECC5A0019F156 /* Debug */,
				A5D4D774286ECC5A0019F156 /* Release */,
			);
			defaultConfigurationIsVisible = 0;
			defaultConfigurationName = Release;
		};
/* End XCConfigurationList section */

/* Begin XCRemoteSwiftPackageReference section */
		A5E8992F286D9CA2009EE85E /* XCRemoteSwiftPackageReference "firebase-ios-sdk" */ = {
			isa = XCRemoteSwiftPackageReference;
			repositoryURL = "https://github.com/firebase/firebase-ios-sdk";
			requirement = {
				kind = upToNextMajorVersion;
				minimumVersion = 9.0.0;
			};
		};
/* End XCRemoteSwiftPackageReference section */

/* Begin XCSwiftPackageProductDependency section */
		A5E89930286D9CA2009EE85E /* FirebaseAnalytics */ = {
			isa = XCSwiftPackageProductDependency;
			package = A5E8992F286D9CA2009EE85E /* XCRemoteSwiftPackageReference "firebase-ios-sdk" */;
			productName = FirebaseAnalytics;
		};
		A5E89932286D9CA2009EE85E /* FirebaseMessaging */ = {
			isa = XCSwiftPackageProductDependency;
			package = A5E8992F286D9CA2009EE85E /* XCRemoteSwiftPackageReference "firebase-ios-sdk" */;
			productName = FirebaseMessaging;
		};
/* End XCSwiftPackageProductDependency section */
	};
	rootObject = A57A252E286D702E002DB735 /* Project object */;
}
